// !$*UTF8*$!
{
	archiveVersion = 1;
	classes = {
	};
	objectVersion = 50;
	objects = {

/* Begin PBXBuildFile section */
		A1033CAF22CC0A5C0081B896 /* q_shared.h in Headers */ = {isa = PBXBuildFile; fileRef = A1033C6322CC0A5C0081B896 /* q_shared.h */; };
		A1033CB022CC0A5C0081B896 /* p_weapon.c in Sources */ = {isa = PBXBuildFile; fileRef = A1033C6422CC0A5C0081B896 /* p_weapon.c */; };
		A1033CB122CC0A5C0081B896 /* m_soldier.h in Headers */ = {isa = PBXBuildFile; fileRef = A1033C6522CC0A5C0081B896 /* m_soldier.h */; };
		A1033CB222CC0A5C0081B896 /* m_boss2.c in Sources */ = {isa = PBXBuildFile; fileRef = A1033C6622CC0A5C0081B896 /* m_boss2.c */; };
		A1033CB322CC0A5C0081B896 /* g_func.c in Sources */ = {isa = PBXBuildFile; fileRef = A1033C6722CC0A5C0081B896 /* g_func.c */; };
		A1033CB422CC0A5C0081B896 /* m_flipper.h in Headers */ = {isa = PBXBuildFile; fileRef = A1033C6822CC0A5C0081B896 /* m_flipper.h */; };
		A1033CB522CC0A5C0081B896 /* p_view.c in Sources */ = {isa = PBXBuildFile; fileRef = A1033C6922CC0A5C0081B896 /* p_view.c */; };
		A1033CB622CC0A5C0081B896 /* m_mutant.h in Headers */ = {isa = PBXBuildFile; fileRef = A1033C6A22CC0A5C0081B896 /* m_mutant.h */; };
		A1033CB722CC0A5C0081B896 /* g_turret.c in Sources */ = {isa = PBXBuildFile; fileRef = A1033C6B22CC0A5C0081B896 /* g_turret.c */; };
		A1033CB822CC0A5C0081B896 /* m_hover.c in Sources */ = {isa = PBXBuildFile; fileRef = A1033C6C22CC0A5C0081B896 /* m_hover.c */; };
		A1033CB922CC0A5C0081B896 /* m_chick.c in Sources */ = {isa = PBXBuildFile; fileRef = A1033C6D22CC0A5C0081B896 /* m_chick.c */; };
		A1033CBA22CC0A5C0081B896 /* m_boss31.c in Sources */ = {isa = PBXBuildFile; fileRef = A1033C6E22CC0A5C0081B896 /* m_boss31.c */; };
		A1033CBB22CC0A5C0081B896 /* g_chase.c in Sources */ = {isa = PBXBuildFile; fileRef = A1033C6F22CC0A5C0081B896 /* g_chase.c */; };
		A1033CBC22CC0A5C0081B896 /* m_gladiator.h in Headers */ = {isa = PBXBuildFile; fileRef = A1033C7022CC0A5C0081B896 /* m_gladiator.h */; };
		A1033CBD22CC0A5C0081B896 /* m_parasite.c in Sources */ = {isa = PBXBuildFile; fileRef = A1033C7122CC0A5C0081B896 /* m_parasite.c */; };
		A1033CBE22CC0A5C0081B896 /* m_tank.h in Headers */ = {isa = PBXBuildFile; fileRef = A1033C7222CC0A5C0081B896 /* m_tank.h */; };
		A1033CBF22CC0A5C0081B896 /* m_gunner.c in Sources */ = {isa = PBXBuildFile; fileRef = A1033C7322CC0A5C0081B896 /* m_gunner.c */; };
		A1033CC022CC0A5C0081B896 /* g_utils.c in Sources */ = {isa = PBXBuildFile; fileRef = A1033C7422CC0A5C0081B896 /* g_utils.c */; };
		A1033CC122CC0A5C0081B896 /* m_supertank.c in Sources */ = {isa = PBXBuildFile; fileRef = A1033C7522CC0A5C0081B896 /* m_supertank.c */; };
		A1033CC222CC0A5C0081B896 /* m_medic.h in Headers */ = {isa = PBXBuildFile; fileRef = A1033C7622CC0A5C0081B896 /* m_medic.h */; };
		A1033CC322CC0A5C0081B896 /* m_berserk.h in Headers */ = {isa = PBXBuildFile; fileRef = A1033C7722CC0A5C0081B896 /* m_berserk.h */; };
		A1033CC422CC0A5C0081B896 /* m_flyer.h in Headers */ = {isa = PBXBuildFile; fileRef = A1033C7822CC0A5C0081B896 /* m_flyer.h */; };
		A1033CC522CC0A5C0081B896 /* m_move.c in Sources */ = {isa = PBXBuildFile; fileRef = A1033C7922CC0A5C0081B896 /* m_move.c */; };
		A1033CC622CC0A5C0081B896 /* g_spawn.c in Sources */ = {isa = PBXBuildFile; fileRef = A1033C7A22CC0A5C0081B896 /* g_spawn.c */; };
		A1033CC722CC0A5C0081B896 /* m_brain.h in Headers */ = {isa = PBXBuildFile; fileRef = A1033C7B22CC0A5C0081B896 /* m_brain.h */; };
		A1033CC822CC0A5C0081B896 /* m_float.c in Sources */ = {isa = PBXBuildFile; fileRef = A1033C7C22CC0A5C0081B896 /* m_float.c */; };
		A1033CC922CC0A5C0081B896 /* m_boss32.c in Sources */ = {isa = PBXBuildFile; fileRef = A1033C7D22CC0A5C0081B896 /* m_boss32.c */; };
		A1033CCA22CC0A5C0081B896 /* m_actor.h in Headers */ = {isa = PBXBuildFile; fileRef = A1033C7E22CC0A5C0081B896 /* m_actor.h */; };
		A1033CCB22CC0A5C0081B896 /* m_infantry.c in Sources */ = {isa = PBXBuildFile; fileRef = A1033C7F22CC0A5C0081B896 /* m_infantry.c */; };
		A1033CCC22CC0A5C0081B896 /* g_local.h in Headers */ = {isa = PBXBuildFile; fileRef = A1033C8022CC0A5C0081B896 /* g_local.h */; };
		A1033CCD22CC0A5C0081B896 /* m_insane.h in Headers */ = {isa = PBXBuildFile; fileRef = A1033C8222CC0A5C0081B896 /* m_insane.h */; };
		A1033CCE22CC0A5C0081B896 /* g_misc.c in Sources */ = {isa = PBXBuildFile; fileRef = A1033C8322CC0A5C0081B896 /* g_misc.c */; };
		A1033CCF22CC0A5C0081B896 /* m_mutant.c in Sources */ = {isa = PBXBuildFile; fileRef = A1033C8422CC0A5C0081B896 /* m_mutant.c */; };
		A1033CD022CC0A5C0081B896 /* g_ai.c in Sources */ = {isa = PBXBuildFile; fileRef = A1033C8522CC0A5C0081B896 /* g_ai.c */; };
		A1033CD122CC0A5C0081B896 /* g_items.c in Sources */ = {isa = PBXBuildFile; fileRef = A1033C8622CC0A5C0081B896 /* g_items.c */; };
		A1033CD222CC0A5C0081B896 /* m_flipper.c in Sources */ = {isa = PBXBuildFile; fileRef = A1033C8722CC0A5C0081B896 /* m_flipper.c */; };
		A1033CD322CC0A5C0081B896 /* g_save.c in Sources */ = {isa = PBXBuildFile; fileRef = A1033C8822CC0A5C0081B896 /* g_save.c */; };
		A1033CD422CC0A5C0081B896 /* m_rider.h in Headers */ = {isa = PBXBuildFile; fileRef = A1033C8922CC0A5C0081B896 /* m_rider.h */; };
		A1033CD522CC0A5C0081B896 /* m_soldier.c in Sources */ = {isa = PBXBuildFile; fileRef = A1033C8A22CC0A5C0081B896 /* m_soldier.c */; };
		A1033CD622CC0A5C0081B896 /* game.h in Headers */ = {isa = PBXBuildFile; fileRef = A1033C8B22CC0A5C0081B896 /* game.h */; };
		A1033CD722CC0A5C0081B896 /* m_boss2.h in Headers */ = {isa = PBXBuildFile; fileRef = A1033C8C22CC0A5C0081B896 /* m_boss2.h */; };
		A1033CD822CC0A5C0081B896 /* g_monster.c in Sources */ = {isa = PBXBuildFile; fileRef = A1033C8D22CC0A5C0081B896 /* g_monster.c */; };
		A1033CD922CC0A5C0081B896 /* g_combat.c in Sources */ = {isa = PBXBuildFile; fileRef = A1033C8E22CC0A5C0081B896 /* g_combat.c */; };
		A1033CDA22CC0A5C0081B896 /* p_client.c in Sources */ = {isa = PBXBuildFile; fileRef = A1033C8F22CC0A5C0081B896 /* p_client.c */; };
		A1033CDB22CC0A5C0081B896 /* q_shared.c in Sources */ = {isa = PBXBuildFile; fileRef = A1033C9022CC0A5C0081B896 /* q_shared.c */; };
		A1033CDC22CC0A5C0081B896 /* g_weapon.c in Sources */ = {isa = PBXBuildFile; fileRef = A1033C9122CC0A5C0081B896 /* g_weapon.c */; };
		A1033CDD22CC0A5C0081B896 /* m_supertank.h in Headers */ = {isa = PBXBuildFile; fileRef = A1033C9222CC0A5C0081B896 /* m_supertank.h */; };
		A1033CDE22CC0A5C0081B896 /* g_svcmds.c in Sources */ = {isa = PBXBuildFile; fileRef = A1033C9322CC0A5C0081B896 /* g_svcmds.c */; };
		A1033CDF22CC0A5C0081B896 /* m_tank.c in Sources */ = {isa = PBXBuildFile; fileRef = A1033C9422CC0A5C0081B896 /* m_tank.c */; };
		A1033CE022CC0A5C0081B896 /* m_gunner.h in Headers */ = {isa = PBXBuildFile; fileRef = A1033C9522CC0A5C0081B896 /* m_gunner.h */; };
		A1033CE122CC0A5C0081B896 /* g_cmds.c in Sources */ = {isa = PBXBuildFile; fileRef = A1033C9622CC0A5C0081B896 /* g_cmds.c */; };
		A1033CE222CC0A5C0081B896 /* p_hud.c in Sources */ = {isa = PBXBuildFile; fileRef = A1033C9722CC0A5C0081B896 /* p_hud.c */; };
		A1033CE322CC0A5C0081B896 /* m_boss31.h in Headers */ = {isa = PBXBuildFile; fileRef = A1033C9822CC0A5C0081B896 /* m_boss31.h */; };
		A1033CE422CC0A5C0081B896 /* g_target.c in Sources */ = {isa = PBXBuildFile; fileRef = A1033C9922CC0A5C0081B896 /* g_target.c */; };
		A1033CE522CC0A5C0081B896 /* m_parasite.h in Headers */ = {isa = PBXBuildFile; fileRef = A1033C9B22CC0A5C0081B896 /* m_parasite.h */; };
		A1033CE622CC0A5C0081B896 /* m_gladiator.c in Sources */ = {isa = PBXBuildFile; fileRef = A1033C9C22CC0A5C0081B896 /* m_gladiator.c */; };
		A1033CE722CC0A5C0081B896 /* m_hover.h in Headers */ = {isa = PBXBuildFile; fileRef = A1033C9D22CC0A5C0081B896 /* m_hover.h */; };
		A1033CE822CC0A5C0081B896 /* m_chick.h in Headers */ = {isa = PBXBuildFile; fileRef = A1033C9E22CC0A5C0081B896 /* m_chick.h */; };
		A1033CE922CC0A5C0081B896 /* g_main.c in Sources */ = {isa = PBXBuildFile; fileRef = A1033C9F22CC0A5C0081B896 /* g_main.c */; };
		A1033CEA22CC0A5C0081B896 /* m_float.h in Headers */ = {isa = PBXBuildFile; fileRef = A1033CA022CC0A5C0081B896 /* m_float.h */; };
		A1033CEB22CC0A5C0081B896 /* p_trail.c in Sources */ = {isa = PBXBuildFile; fileRef = A1033CA122CC0A5C0081B896 /* p_trail.c */; };
		A1033CEC22CC0A5C0081B896 /* m_boss3.c in Sources */ = {isa = PBXBuildFile; fileRef = A1033CA222CC0A5C0081B896 /* m_boss3.c */; };
		A1033CED22CC0A5C0081B896 /* m_flash.c in Sources */ = {isa = PBXBuildFile; fileRef = A1033CA322CC0A5C0081B896 /* m_flash.c */; };
		A1033CEE22CC0A5C0081B896 /* m_brain.c in Sources */ = {isa = PBXBuildFile; fileRef = A1033CA422CC0A5C0081B896 /* m_brain.c */; };
		A1033CEF22CC0A5C0081B896 /* m_flyer.c in Sources */ = {isa = PBXBuildFile; fileRef = A1033CA522CC0A5C0081B896 /* m_flyer.c */; };
		A1033CF022CC0A5C0081B896 /* m_medic.c in Sources */ = {isa = PBXBuildFile; fileRef = A1033CA622CC0A5C0081B896 /* m_medic.c */; };
		A1033CF122CC0A5C0081B896 /* m_berserk.c in Sources */ = {isa = PBXBuildFile; fileRef = A1033CA722CC0A5C0081B896 /* m_berserk.c */; };
		A1033CF222CC0A5C0081B896 /* m_insane.c in Sources */ = {isa = PBXBuildFile; fileRef = A1033CA822CC0A5C0081B896 /* m_insane.c */; };
		A1033CF322CC0A5C0081B896 /* g_phys.c in Sources */ = {isa = PBXBuildFile; fileRef = A1033CA922CC0A5C0081B896 /* g_phys.c */; };
		A1033CF422CC0A5C0081B896 /* m_player.h in Headers */ = {isa = PBXBuildFile; fileRef = A1033CAA22CC0A5C0081B896 /* m_player.h */; };
		A1033CF522CC0A5C0081B896 /* m_actor.c in Sources */ = {isa = PBXBuildFile; fileRef = A1033CAB22CC0A5C0081B896 /* m_actor.c */; };
		A1033CF622CC0A5C0081B896 /* m_boss32.h in Headers */ = {isa = PBXBuildFile; fileRef = A1033CAC22CC0A5C0081B896 /* m_boss32.h */; };
		A1033CF722CC0A5C0081B896 /* g_trigger.c in Sources */ = {isa = PBXBuildFile; fileRef = A1033CAD22CC0A5C0081B896 /* g_trigger.c */; };
		A1033CF822CC0A5C0081B896 /* m_infantry.h in Headers */ = {isa = PBXBuildFile; fileRef = A1033CAE22CC0A5C0081B896 /* m_infantry.h */; };
		A1033D1E22CC0B4C0081B896 /* qmenu.c in Sources */ = {isa = PBXBuildFile; fileRef = A1033CFA22CC0B4C0081B896 /* qmenu.c */; };
		A1033D1F22CC0B4C0081B896 /* cl_scrn.c in Sources */ = {isa = PBXBuildFile; fileRef = A1033CFC22CC0B4C0081B896 /* cl_scrn.c */; };
		A1033D2022CC0B4C0081B896 /* snd_mix.c in Sources */ = {isa = PBXBuildFile; fileRef = A1033D0022CC0B4C0081B896 /* snd_mix.c */; };
		A1033D2122CC0B4C0081B896 /* snd_dma.c in Sources */ = {isa = PBXBuildFile; fileRef = A1033D0222CC0B4C0081B896 /* snd_dma.c */; };
		A1033D2222CC0B4C0081B896 /* cl_parse.c in Sources */ = {isa = PBXBuildFile; fileRef = A1033D0422CC0B4C0081B896 /* cl_parse.c */; };
		A1033D2322CC0B4C0081B896 /* menu.c in Sources */ = {isa = PBXBuildFile; fileRef = A1033D0622CC0B4C0081B896 /* menu.c */; };
		A1033D2422CC0B4C0081B896 /* cl_ents.c in Sources */ = {isa = PBXBuildFile; fileRef = A1033D0722CC0B4C0081B896 /* cl_ents.c */; };
		A1033D2522CC0B4C0081B896 /* cl_input.c in Sources */ = {isa = PBXBuildFile; fileRef = A1033D0822CC0B4C0081B896 /* cl_input.c */; };
		A1033D2622CC0B4C0081B896 /* cl_main.c in Sources */ = {isa = PBXBuildFile; fileRef = A1033D0B22CC0B4C0081B896 /* cl_main.c */; };
		A1033D2722CC0B4C0081B896 /* console.c in Sources */ = {isa = PBXBuildFile; fileRef = A1033D0C22CC0B4C0081B896 /* console.c */; };
		A1033D2822CC0B4C0081B896 /* keys.c in Sources */ = {isa = PBXBuildFile; fileRef = A1033D0D22CC0B4C0081B896 /* keys.c */; };
		A1033D2922CC0B4C0081B896 /* cl_newfx.c in Sources */ = {isa = PBXBuildFile; fileRef = A1033D0F22CC0B4C0081B896 /* cl_newfx.c */; };
		A1033D2A22CC0B4C0081B896 /* cl_pred.c in Sources */ = {isa = PBXBuildFile; fileRef = A1033D1022CC0B4C0081B896 /* cl_pred.c */; };
		A1033D2B22CC0B4C0081B896 /* cl_fx.c in Sources */ = {isa = PBXBuildFile; fileRef = A1033D1122CC0B4C0081B896 /* cl_fx.c */; };
		A1033D2C22CC0B4C0081B896 /* cl_cin.c in Sources */ = {isa = PBXBuildFile; fileRef = A1033D1722CC0B4C0081B896 /* cl_cin.c */; };
		A1033D2D22CC0B4C0081B896 /* x86.c in Sources */ = {isa = PBXBuildFile; fileRef = A1033D1822CC0B4C0081B896 /* x86.c */; };
		A1033D2E22CC0B4C0081B896 /* snd_mem.c in Sources */ = {isa = PBXBuildFile; fileRef = A1033D1922CC0B4C0081B896 /* snd_mem.c */; };
		A1033D2F22CC0B4C0081B896 /* cl_inv.c in Sources */ = {isa = PBXBuildFile; fileRef = A1033D1B22CC0B4C0081B896 /* cl_inv.c */; };
		A1033D3022CC0B4C0081B896 /* cl_view.c in Sources */ = {isa = PBXBuildFile; fileRef = A1033D1C22CC0B4C0081B896 /* cl_view.c */; };
		A1033D3122CC0B4C0081B896 /* cl_tent.c in Sources */ = {isa = PBXBuildFile; fileRef = A1033D1D22CC0B4C0081B896 /* cl_tent.c */; };
		A1033D3F22CC0B730081B896 /* common.c in Sources */ = {isa = PBXBuildFile; fileRef = A1033D3322CC0B730081B896 /* common.c */; };
		A1033D4022CC0B730081B896 /* md4.c in Sources */ = {isa = PBXBuildFile; fileRef = A1033D3422CC0B730081B896 /* md4.c */; };
		A1033D4122CC0B730081B896 /* pmove.c in Sources */ = {isa = PBXBuildFile; fileRef = A1033D3522CC0B730081B896 /* pmove.c */; };
		A1033D4222CC0B730081B896 /* files.c in Sources */ = {isa = PBXBuildFile; fileRef = A1033D3622CC0B730081B896 /* files.c */; };
		A1033D4322CC0B730081B896 /* cmd.c in Sources */ = {isa = PBXBuildFile; fileRef = A1033D3922CC0B730081B896 /* cmd.c */; };
		A1033D4422CC0B730081B896 /* cmodel.c in Sources */ = {isa = PBXBuildFile; fileRef = A1033D3B22CC0B730081B896 /* cmodel.c */; };
		A1033D4522CC0B730081B896 /* crc.c in Sources */ = {isa = PBXBuildFile; fileRef = A1033D3C22CC0B730081B896 /* crc.c */; };
		A1033D4622CC0B730081B896 /* cvar.c in Sources */ = {isa = PBXBuildFile; fileRef = A1033D3D22CC0B730081B896 /* cvar.c */; };
		A1033D4722CC0B730081B896 /* net_chan.c in Sources */ = {isa = PBXBuildFile; fileRef = A1033D3E22CC0B730081B896 /* net_chan.c */; };
		A1033D5B22CC0BD70081B896 /* gl_model.c in Sources */ = {isa = PBXBuildFile; fileRef = A1033D4A22CC0BD70081B896 /* gl_model.c */; };
		A1033D5C22CC0BD70081B896 /* qgl.h in Headers */ = {isa = PBXBuildFile; fileRef = A1033D4B22CC0BD70081B896 /* qgl.h */; };
		A1033D5D22CC0BD70081B896 /* gl_mesh.c in Sources */ = {isa = PBXBuildFile; fileRef = A1033D4D22CC0BD70081B896 /* gl_mesh.c */; };
		A1033D5E22CC0BD70081B896 /* gl_image.c in Sources */ = {isa = PBXBuildFile; fileRef = A1033D4E22CC0BD70081B896 /* gl_image.c */; };
		A1033D5F22CC0BD70081B896 /* anormtab.h in Headers */ = {isa = PBXBuildFile; fileRef = A1033D4F22CC0BD70081B896 /* anormtab.h */; };
		A1033D6022CC0BD70081B896 /* gl_model.h in Headers */ = {isa = PBXBuildFile; fileRef = A1033D5022CC0BD70081B896 /* gl_model.h */; };
		A1033D6122CC0BD70081B896 /* gl_light.c in Sources */ = {isa = PBXBuildFile; fileRef = A1033D5122CC0BD70081B896 /* gl_light.c */; };
		A1033D6222CC0BD70081B896 /* gl_rmisc.c in Sources */ = {isa = PBXBuildFile; fileRef = A1033D5222CC0BD70081B896 /* gl_rmisc.c */; };
		A1033D6322CC0BD70081B896 /* warpsin.h in Headers */ = {isa = PBXBuildFile; fileRef = A1033D5322CC0BD70081B896 /* warpsin.h */; };
		A1033D6422CC0BD70081B896 /* gl_draw.c in Sources */ = {isa = PBXBuildFile; fileRef = A1033D5422CC0BD70081B896 /* gl_draw.c */; };
		A1033D6522CC0BD70081B896 /* anorms.h in Headers */ = {isa = PBXBuildFile; fileRef = A1033D5522CC0BD70081B896 /* anorms.h */; };
		A1033D6622CC0BD70081B896 /* gl_rsurf.c in Sources */ = {isa = PBXBuildFile; fileRef = A1033D5622CC0BD70081B896 /* gl_rsurf.c */; };
		A1033D6722CC0BD70081B896 /* gl_rmain.c in Sources */ = {isa = PBXBuildFile; fileRef = A1033D5722CC0BD70081B896 /* gl_rmain.c */; };
		A1033D6822CC0BD70081B896 /* gl_local.h in Headers */ = {isa = PBXBuildFile; fileRef = A1033D5822CC0BD70081B896 /* gl_local.h */; };
		A1033D6922CC0BD70081B896 /* gl_warp.c in Sources */ = {isa = PBXBuildFile; fileRef = A1033D5922CC0BD70081B896 /* gl_warp.c */; };
		A1033D7522CC0CAE0081B896 /* sv_null.c in Sources */ = {isa = PBXBuildFile; fileRef = A1033D6B22CC0CAE0081B896 /* sv_null.c */; };
		A1033D7622CC0CAE0081B896 /* sv_main.c in Sources */ = {isa = PBXBuildFile; fileRef = A1033D6C22CC0CAE0081B896 /* sv_main.c */; };
		A1033D7722CC0CAE0081B896 /* sv_init.c in Sources */ = {isa = PBXBuildFile; fileRef = A1033D6D22CC0CAE0081B896 /* sv_init.c */; };
		A1033D7822CC0CAE0081B896 /* sv_game.c in Sources */ = {isa = PBXBuildFile; fileRef = A1033D6E22CC0CAE0081B896 /* sv_game.c */; };
		A1033D7922CC0CAE0081B896 /* sv_user.c in Sources */ = {isa = PBXBuildFile; fileRef = A1033D7022CC0CAE0081B896 /* sv_user.c */; };
		A1033D7A22CC0CAE0081B896 /* sv_ccmds.c in Sources */ = {isa = PBXBuildFile; fileRef = A1033D7122CC0CAE0081B896 /* sv_ccmds.c */; };
		A1033D7B22CC0CAE0081B896 /* sv_ents.c in Sources */ = {isa = PBXBuildFile; fileRef = A1033D7222CC0CAE0081B896 /* sv_ents.c */; };
		A1033D7C22CC0CAE0081B896 /* sv_send.c in Sources */ = {isa = PBXBuildFile; fileRef = A1033D7322CC0CAE0081B896 /* sv_send.c */; };
		A1033D7D22CC0CAE0081B896 /* sv_world.c in Sources */ = {isa = PBXBuildFile; fileRef = A1033D7422CC0CAE0081B896 /* sv_world.c */; };
		A1033D7E22CC0D670081B896 /* q_shared.c in Sources */ = {isa = PBXBuildFile; fileRef = A1033C9022CC0A5C0081B896 /* q_shared.c */; };
		A1033D7F22CC0D680081B896 /* q_shared.c in Sources */ = {isa = PBXBuildFile; fileRef = A1033C9022CC0A5C0081B896 /* q_shared.c */; };
		A1033D8322CC11640081B896 /* glimp_sdl.c in Sources */ = {isa = PBXBuildFile; fileRef = A1033D8222CC11640081B896 /* glimp_sdl.c */; };
		A10DA00322CD34BD000ACB85 /* vid.c in Sources */ = {isa = PBXBuildFile; fileRef = A10DA00222CD34BD000ACB85 /* vid.c */; };
		A15FA3AE211118830048A3AD /* SDL2.framework in Frameworks */ = {isa = PBXBuildFile; fileRef = A15FA3582110CF4E0048A3AD /* SDL2.framework */; };
		A15FA417211150E90048A3AD /* AppDelegate.swift in Sources */ = {isa = PBXBuildFile; fileRef = A15FA416211150E90048A3AD /* AppDelegate.swift */; settings = {COMPILER_FLAGS = "-w"; }; };
		A15FA419211150EA0048A3AD /* Assets.xcassets in Resources */ = {isa = PBXBuildFile; fileRef = A15FA418211150EA0048A3AD /* Assets.xcassets */; };
		A15FA41C211150EA0048A3AD /* MainMenu.xib in Resources */ = {isa = PBXBuildFile; fileRef = A15FA41A211150EA0048A3AD /* MainMenu.xib */; };
		A15FA46B211152310048A3AD /* SDL2.framework in Frameworks */ = {isa = PBXBuildFile; fileRef = A15FA3582110CF4E0048A3AD /* SDL2.framework */; };
		A15FA476211153E70048A3AD /* baseq2 in Resources */ = {isa = PBXBuildFile; fileRef = A15FA474211153E60048A3AD /* baseq2 */; };
		A15FA477211153E70048A3AD /* music in Resources */ = {isa = PBXBuildFile; fileRef = A15FA475211153E70048A3AD /* music */; };
		A15FA479211154310048A3AD /* game.dylib in CopyFiles */ = {isa = PBXBuildFile; fileRef = A15FA362211114310048A3AD /* game.dylib */; settings = {ATTRIBUTES = (CodeSignOnCopy, ); }; };
		A1B203C421D428E500D8D86D /* ref_gl1.dylib in Frameworks */ = {isa = PBXBuildFile; fileRef = A15FA39C211118220048A3AD /* ref_gl1.dylib */; };
/* End PBXBuildFile section */

/* Begin PBXCopyFilesBuildPhase section */
		A15FA478211154110048A3AD /* CopyFiles */ = {
			isa = PBXCopyFilesBuildPhase;
			buildActionMask = 2147483647;
			dstPath = /Users/tomkidd/Library/Containers/com.tomkiddconsulting.quake2/Data/.yq2/baseq2;
			dstSubfolderSpec = 0;
			files = (
				A15FA479211154310048A3AD /* game.dylib in CopyFiles */,
			);
			runOnlyForDeploymentPostprocessing = 0;
		};
/* End PBXCopyFilesBuildPhase section */

/* Begin PBXFileReference section */
		A1033C6322CC0A5C0081B896 /* q_shared.h */ = {isa = PBXFileReference; fileEncoding = 4; lastKnownFileType = sourcecode.c.h; path = q_shared.h; sourceTree = "<group>"; };
		A1033C6422CC0A5C0081B896 /* p_weapon.c */ = {isa = PBXFileReference; fileEncoding = 4; lastKnownFileType = sourcecode.c.c; path = p_weapon.c; sourceTree = "<group>"; };
		A1033C6522CC0A5C0081B896 /* m_soldier.h */ = {isa = PBXFileReference; fileEncoding = 4; lastKnownFileType = sourcecode.c.h; path = m_soldier.h; sourceTree = "<group>"; };
		A1033C6622CC0A5C0081B896 /* m_boss2.c */ = {isa = PBXFileReference; fileEncoding = 4; lastKnownFileType = sourcecode.c.c; path = m_boss2.c; sourceTree = "<group>"; };
		A1033C6722CC0A5C0081B896 /* g_func.c */ = {isa = PBXFileReference; fileEncoding = 4; lastKnownFileType = sourcecode.c.c; path = g_func.c; sourceTree = "<group>"; };
		A1033C6822CC0A5C0081B896 /* m_flipper.h */ = {isa = PBXFileReference; fileEncoding = 4; lastKnownFileType = sourcecode.c.h; path = m_flipper.h; sourceTree = "<group>"; };
		A1033C6922CC0A5C0081B896 /* p_view.c */ = {isa = PBXFileReference; fileEncoding = 4; lastKnownFileType = sourcecode.c.c; path = p_view.c; sourceTree = "<group>"; };
		A1033C6A22CC0A5C0081B896 /* m_mutant.h */ = {isa = PBXFileReference; fileEncoding = 4; lastKnownFileType = sourcecode.c.h; path = m_mutant.h; sourceTree = "<group>"; };
		A1033C6B22CC0A5C0081B896 /* g_turret.c */ = {isa = PBXFileReference; fileEncoding = 4; lastKnownFileType = sourcecode.c.c; path = g_turret.c; sourceTree = "<group>"; };
		A1033C6C22CC0A5C0081B896 /* m_hover.c */ = {isa = PBXFileReference; fileEncoding = 4; lastKnownFileType = sourcecode.c.c; path = m_hover.c; sourceTree = "<group>"; };
		A1033C6D22CC0A5C0081B896 /* m_chick.c */ = {isa = PBXFileReference; fileEncoding = 4; lastKnownFileType = sourcecode.c.c; path = m_chick.c; sourceTree = "<group>"; };
		A1033C6E22CC0A5C0081B896 /* m_boss31.c */ = {isa = PBXFileReference; fileEncoding = 4; lastKnownFileType = sourcecode.c.c; path = m_boss31.c; sourceTree = "<group>"; };
		A1033C6F22CC0A5C0081B896 /* g_chase.c */ = {isa = PBXFileReference; fileEncoding = 4; lastKnownFileType = sourcecode.c.c; path = g_chase.c; sourceTree = "<group>"; };
		A1033C7022CC0A5C0081B896 /* m_gladiator.h */ = {isa = PBXFileReference; fileEncoding = 4; lastKnownFileType = sourcecode.c.h; path = m_gladiator.h; sourceTree = "<group>"; };
		A1033C7122CC0A5C0081B896 /* m_parasite.c */ = {isa = PBXFileReference; fileEncoding = 4; lastKnownFileType = sourcecode.c.c; path = m_parasite.c; sourceTree = "<group>"; };
		A1033C7222CC0A5C0081B896 /* m_tank.h */ = {isa = PBXFileReference; fileEncoding = 4; lastKnownFileType = sourcecode.c.h; path = m_tank.h; sourceTree = "<group>"; };
		A1033C7322CC0A5C0081B896 /* m_gunner.c */ = {isa = PBXFileReference; fileEncoding = 4; lastKnownFileType = sourcecode.c.c; path = m_gunner.c; sourceTree = "<group>"; };
		A1033C7422CC0A5C0081B896 /* g_utils.c */ = {isa = PBXFileReference; fileEncoding = 4; lastKnownFileType = sourcecode.c.c; path = g_utils.c; sourceTree = "<group>"; };
		A1033C7522CC0A5C0081B896 /* m_supertank.c */ = {isa = PBXFileReference; fileEncoding = 4; lastKnownFileType = sourcecode.c.c; path = m_supertank.c; sourceTree = "<group>"; };
		A1033C7622CC0A5C0081B896 /* m_medic.h */ = {isa = PBXFileReference; fileEncoding = 4; lastKnownFileType = sourcecode.c.h; path = m_medic.h; sourceTree = "<group>"; };
		A1033C7722CC0A5C0081B896 /* m_berserk.h */ = {isa = PBXFileReference; fileEncoding = 4; lastKnownFileType = sourcecode.c.h; path = m_berserk.h; sourceTree = "<group>"; };
		A1033C7822CC0A5C0081B896 /* m_flyer.h */ = {isa = PBXFileReference; fileEncoding = 4; lastKnownFileType = sourcecode.c.h; path = m_flyer.h; sourceTree = "<group>"; };
		A1033C7922CC0A5C0081B896 /* m_move.c */ = {isa = PBXFileReference; fileEncoding = 4; lastKnownFileType = sourcecode.c.c; path = m_move.c; sourceTree = "<group>"; };
		A1033C7A22CC0A5C0081B896 /* g_spawn.c */ = {isa = PBXFileReference; fileEncoding = 4; lastKnownFileType = sourcecode.c.c; path = g_spawn.c; sourceTree = "<group>"; };
		A1033C7B22CC0A5C0081B896 /* m_brain.h */ = {isa = PBXFileReference; fileEncoding = 4; lastKnownFileType = sourcecode.c.h; path = m_brain.h; sourceTree = "<group>"; };
		A1033C7C22CC0A5C0081B896 /* m_float.c */ = {isa = PBXFileReference; fileEncoding = 4; lastKnownFileType = sourcecode.c.c; path = m_float.c; sourceTree = "<group>"; };
		A1033C7D22CC0A5C0081B896 /* m_boss32.c */ = {isa = PBXFileReference; fileEncoding = 4; lastKnownFileType = sourcecode.c.c; path = m_boss32.c; sourceTree = "<group>"; };
		A1033C7E22CC0A5C0081B896 /* m_actor.h */ = {isa = PBXFileReference; fileEncoding = 4; lastKnownFileType = sourcecode.c.h; path = m_actor.h; sourceTree = "<group>"; };
		A1033C7F22CC0A5C0081B896 /* m_infantry.c */ = {isa = PBXFileReference; fileEncoding = 4; lastKnownFileType = sourcecode.c.c; path = m_infantry.c; sourceTree = "<group>"; };
		A1033C8022CC0A5C0081B896 /* g_local.h */ = {isa = PBXFileReference; fileEncoding = 4; lastKnownFileType = sourcecode.c.h; path = g_local.h; sourceTree = "<group>"; };
		A1033C8122CC0A5C0081B896 /* game.def */ = {isa = PBXFileReference; fileEncoding = 4; lastKnownFileType = text; path = game.def; sourceTree = "<group>"; };
		A1033C8222CC0A5C0081B896 /* m_insane.h */ = {isa = PBXFileReference; fileEncoding = 4; lastKnownFileType = sourcecode.c.h; path = m_insane.h; sourceTree = "<group>"; };
		A1033C8322CC0A5C0081B896 /* g_misc.c */ = {isa = PBXFileReference; fileEncoding = 4; lastKnownFileType = sourcecode.c.c; path = g_misc.c; sourceTree = "<group>"; };
		A1033C8422CC0A5C0081B896 /* m_mutant.c */ = {isa = PBXFileReference; fileEncoding = 4; lastKnownFileType = sourcecode.c.c; path = m_mutant.c; sourceTree = "<group>"; };
		A1033C8522CC0A5C0081B896 /* g_ai.c */ = {isa = PBXFileReference; fileEncoding = 4; lastKnownFileType = sourcecode.c.c; path = g_ai.c; sourceTree = "<group>"; };
		A1033C8622CC0A5C0081B896 /* g_items.c */ = {isa = PBXFileReference; fileEncoding = 4; lastKnownFileType = sourcecode.c.c; path = g_items.c; sourceTree = "<group>"; };
		A1033C8722CC0A5C0081B896 /* m_flipper.c */ = {isa = PBXFileReference; fileEncoding = 4; lastKnownFileType = sourcecode.c.c; path = m_flipper.c; sourceTree = "<group>"; };
		A1033C8822CC0A5C0081B896 /* g_save.c */ = {isa = PBXFileReference; fileEncoding = 4; lastKnownFileType = sourcecode.c.c; path = g_save.c; sourceTree = "<group>"; };
		A1033C8922CC0A5C0081B896 /* m_rider.h */ = {isa = PBXFileReference; fileEncoding = 4; lastKnownFileType = sourcecode.c.h; path = m_rider.h; sourceTree = "<group>"; };
		A1033C8A22CC0A5C0081B896 /* m_soldier.c */ = {isa = PBXFileReference; fileEncoding = 4; lastKnownFileType = sourcecode.c.c; path = m_soldier.c; sourceTree = "<group>"; };
		A1033C8B22CC0A5C0081B896 /* game.h */ = {isa = PBXFileReference; fileEncoding = 4; lastKnownFileType = sourcecode.c.h; path = game.h; sourceTree = "<group>"; };
		A1033C8C22CC0A5C0081B896 /* m_boss2.h */ = {isa = PBXFileReference; fileEncoding = 4; lastKnownFileType = sourcecode.c.h; path = m_boss2.h; sourceTree = "<group>"; };
		A1033C8D22CC0A5C0081B896 /* g_monster.c */ = {isa = PBXFileReference; fileEncoding = 4; lastKnownFileType = sourcecode.c.c; path = g_monster.c; sourceTree = "<group>"; };
		A1033C8E22CC0A5C0081B896 /* g_combat.c */ = {isa = PBXFileReference; fileEncoding = 4; lastKnownFileType = sourcecode.c.c; path = g_combat.c; sourceTree = "<group>"; };
		A1033C8F22CC0A5C0081B896 /* p_client.c */ = {isa = PBXFileReference; fileEncoding = 4; lastKnownFileType = sourcecode.c.c; path = p_client.c; sourceTree = "<group>"; };
		A1033C9022CC0A5C0081B896 /* q_shared.c */ = {isa = PBXFileReference; fileEncoding = 4; lastKnownFileType = sourcecode.c.c; path = q_shared.c; sourceTree = "<group>"; };
		A1033C9122CC0A5C0081B896 /* g_weapon.c */ = {isa = PBXFileReference; fileEncoding = 4; lastKnownFileType = sourcecode.c.c; path = g_weapon.c; sourceTree = "<group>"; };
		A1033C9222CC0A5C0081B896 /* m_supertank.h */ = {isa = PBXFileReference; fileEncoding = 4; lastKnownFileType = sourcecode.c.h; path = m_supertank.h; sourceTree = "<group>"; };
		A1033C9322CC0A5C0081B896 /* g_svcmds.c */ = {isa = PBXFileReference; fileEncoding = 4; lastKnownFileType = sourcecode.c.c; path = g_svcmds.c; sourceTree = "<group>"; };
		A1033C9422CC0A5C0081B896 /* m_tank.c */ = {isa = PBXFileReference; fileEncoding = 4; lastKnownFileType = sourcecode.c.c; path = m_tank.c; sourceTree = "<group>"; };
		A1033C9522CC0A5C0081B896 /* m_gunner.h */ = {isa = PBXFileReference; fileEncoding = 4; lastKnownFileType = sourcecode.c.h; path = m_gunner.h; sourceTree = "<group>"; };
		A1033C9622CC0A5C0081B896 /* g_cmds.c */ = {isa = PBXFileReference; fileEncoding = 4; lastKnownFileType = sourcecode.c.c; path = g_cmds.c; sourceTree = "<group>"; };
		A1033C9722CC0A5C0081B896 /* p_hud.c */ = {isa = PBXFileReference; fileEncoding = 4; lastKnownFileType = sourcecode.c.c; path = p_hud.c; sourceTree = "<group>"; };
		A1033C9822CC0A5C0081B896 /* m_boss31.h */ = {isa = PBXFileReference; fileEncoding = 4; lastKnownFileType = sourcecode.c.h; path = m_boss31.h; sourceTree = "<group>"; };
		A1033C9922CC0A5C0081B896 /* g_target.c */ = {isa = PBXFileReference; fileEncoding = 4; lastKnownFileType = sourcecode.c.c; path = g_target.c; sourceTree = "<group>"; };
		A1033C9A22CC0A5C0081B896 /* game.dsp */ = {isa = PBXFileReference; fileEncoding = 4; lastKnownFileType = text; path = game.dsp; sourceTree = "<group>"; };
		A1033C9B22CC0A5C0081B896 /* m_parasite.h */ = {isa = PBXFileReference; fileEncoding = 4; lastKnownFileType = sourcecode.c.h; path = m_parasite.h; sourceTree = "<group>"; };
		A1033C9C22CC0A5C0081B896 /* m_gladiator.c */ = {isa = PBXFileReference; fileEncoding = 4; lastKnownFileType = sourcecode.c.c; path = m_gladiator.c; sourceTree = "<group>"; };
		A1033C9D22CC0A5C0081B896 /* m_hover.h */ = {isa = PBXFileReference; fileEncoding = 4; lastKnownFileType = sourcecode.c.h; path = m_hover.h; sourceTree = "<group>"; };
		A1033C9E22CC0A5C0081B896 /* m_chick.h */ = {isa = PBXFileReference; fileEncoding = 4; lastKnownFileType = sourcecode.c.h; path = m_chick.h; sourceTree = "<group>"; };
		A1033C9F22CC0A5C0081B896 /* g_main.c */ = {isa = PBXFileReference; fileEncoding = 4; lastKnownFileType = sourcecode.c.c; path = g_main.c; sourceTree = "<group>"; };
		A1033CA022CC0A5C0081B896 /* m_float.h */ = {isa = PBXFileReference; fileEncoding = 4; lastKnownFileType = sourcecode.c.h; path = m_float.h; sourceTree = "<group>"; };
		A1033CA122CC0A5C0081B896 /* p_trail.c */ = {isa = PBXFileReference; fileEncoding = 4; lastKnownFileType = sourcecode.c.c; path = p_trail.c; sourceTree = "<group>"; };
		A1033CA222CC0A5C0081B896 /* m_boss3.c */ = {isa = PBXFileReference; fileEncoding = 4; lastKnownFileType = sourcecode.c.c; path = m_boss3.c; sourceTree = "<group>"; };
		A1033CA322CC0A5C0081B896 /* m_flash.c */ = {isa = PBXFileReference; fileEncoding = 4; lastKnownFileType = sourcecode.c.c; path = m_flash.c; sourceTree = "<group>"; };
		A1033CA422CC0A5C0081B896 /* m_brain.c */ = {isa = PBXFileReference; fileEncoding = 4; lastKnownFileType = sourcecode.c.c; path = m_brain.c; sourceTree = "<group>"; };
		A1033CA522CC0A5C0081B896 /* m_flyer.c */ = {isa = PBXFileReference; fileEncoding = 4; lastKnownFileType = sourcecode.c.c; path = m_flyer.c; sourceTree = "<group>"; };
		A1033CA622CC0A5C0081B896 /* m_medic.c */ = {isa = PBXFileReference; fileEncoding = 4; lastKnownFileType = sourcecode.c.c; path = m_medic.c; sourceTree = "<group>"; };
		A1033CA722CC0A5C0081B896 /* m_berserk.c */ = {isa = PBXFileReference; fileEncoding = 4; lastKnownFileType = sourcecode.c.c; path = m_berserk.c; sourceTree = "<group>"; };
		A1033CA822CC0A5C0081B896 /* m_insane.c */ = {isa = PBXFileReference; fileEncoding = 4; lastKnownFileType = sourcecode.c.c; path = m_insane.c; sourceTree = "<group>"; };
		A1033CA922CC0A5C0081B896 /* g_phys.c */ = {isa = PBXFileReference; fileEncoding = 4; lastKnownFileType = sourcecode.c.c; path = g_phys.c; sourceTree = "<group>"; };
		A1033CAA22CC0A5C0081B896 /* m_player.h */ = {isa = PBXFileReference; fileEncoding = 4; lastKnownFileType = sourcecode.c.h; path = m_player.h; sourceTree = "<group>"; };
		A1033CAB22CC0A5C0081B896 /* m_actor.c */ = {isa = PBXFileReference; fileEncoding = 4; lastKnownFileType = sourcecode.c.c; path = m_actor.c; sourceTree = "<group>"; };
		A1033CAC22CC0A5C0081B896 /* m_boss32.h */ = {isa = PBXFileReference; fileEncoding = 4; lastKnownFileType = sourcecode.c.h; path = m_boss32.h; sourceTree = "<group>"; };
		A1033CAD22CC0A5C0081B896 /* g_trigger.c */ = {isa = PBXFileReference; fileEncoding = 4; lastKnownFileType = sourcecode.c.c; path = g_trigger.c; sourceTree = "<group>"; };
		A1033CAE22CC0A5C0081B896 /* m_infantry.h */ = {isa = PBXFileReference; fileEncoding = 4; lastKnownFileType = sourcecode.c.h; path = m_infantry.h; sourceTree = "<group>"; };
		A1033CFA22CC0B4C0081B896 /* qmenu.c */ = {isa = PBXFileReference; fileEncoding = 4; lastKnownFileType = sourcecode.c.c; path = qmenu.c; sourceTree = "<group>"; };
		A1033CFB22CC0B4C0081B896 /* keys.h */ = {isa = PBXFileReference; fileEncoding = 4; lastKnownFileType = sourcecode.c.h; path = keys.h; sourceTree = "<group>"; };
		A1033CFC22CC0B4C0081B896 /* cl_scrn.c */ = {isa = PBXFileReference; fileEncoding = 4; lastKnownFileType = sourcecode.c.c; path = cl_scrn.c; sourceTree = "<group>"; };
		A1033CFD22CC0B4C0081B896 /* sound.h */ = {isa = PBXFileReference; fileEncoding = 4; lastKnownFileType = sourcecode.c.h; path = sound.h; sourceTree = "<group>"; };
		A1033CFE22CC0B4C0081B896 /* console.h */ = {isa = PBXFileReference; fileEncoding = 4; lastKnownFileType = sourcecode.c.h; path = console.h; sourceTree = "<group>"; };
		A1033CFF22CC0B4C0081B896 /* input.h */ = {isa = PBXFileReference; fileEncoding = 4; lastKnownFileType = sourcecode.c.h; path = input.h; sourceTree = "<group>"; };
		A1033D0022CC0B4C0081B896 /* snd_mix.c */ = {isa = PBXFileReference; fileEncoding = 4; lastKnownFileType = sourcecode.c.c; path = snd_mix.c; sourceTree = "<group>"; };
		A1033D0122CC0B4C0081B896 /* client.h */ = {isa = PBXFileReference; fileEncoding = 4; lastKnownFileType = sourcecode.c.h; path = client.h; sourceTree = "<group>"; };
		A1033D0222CC0B4C0081B896 /* snd_dma.c */ = {isa = PBXFileReference; fileEncoding = 4; lastKnownFileType = sourcecode.c.c; path = snd_dma.c; sourceTree = "<group>"; };
		A1033D0322CC0B4C0081B896 /* asm_i386.h */ = {isa = PBXFileReference; fileEncoding = 4; lastKnownFileType = sourcecode.c.h; path = asm_i386.h; sourceTree = "<group>"; };
		A1033D0422CC0B4C0081B896 /* cl_parse.c */ = {isa = PBXFileReference; fileEncoding = 4; lastKnownFileType = sourcecode.c.c; path = cl_parse.c; sourceTree = "<group>"; };
		A1033D0522CC0B4C0081B896 /* snd_loc.h */ = {isa = PBXFileReference; fileEncoding = 4; lastKnownFileType = sourcecode.c.h; path = snd_loc.h; sourceTree = "<group>"; };
		A1033D0622CC0B4C0081B896 /* menu.c */ = {isa = PBXFileReference; fileEncoding = 4; lastKnownFileType = sourcecode.c.c; path = menu.c; sourceTree = "<group>"; };
		A1033D0722CC0B4C0081B896 /* cl_ents.c */ = {isa = PBXFileReference; fileEncoding = 4; lastKnownFileType = sourcecode.c.c; path = cl_ents.c; sourceTree = "<group>"; };
		A1033D0822CC0B4C0081B896 /* cl_input.c */ = {isa = PBXFileReference; fileEncoding = 4; lastKnownFileType = sourcecode.c.c; path = cl_input.c; sourceTree = "<group>"; };
		A1033D0922CC0B4C0081B896 /* adivtab.h */ = {isa = PBXFileReference; fileEncoding = 4; lastKnownFileType = sourcecode.c.h; path = adivtab.h; sourceTree = "<group>"; };
		A1033D0A22CC0B4C0081B896 /* block16.h */ = {isa = PBXFileReference; fileEncoding = 4; lastKnownFileType = sourcecode.c.h; path = block16.h; sourceTree = "<group>"; };
		A1033D0B22CC0B4C0081B896 /* cl_main.c */ = {isa = PBXFileReference; fileEncoding = 4; lastKnownFileType = sourcecode.c.c; path = cl_main.c; sourceTree = "<group>"; };
		A1033D0C22CC0B4C0081B896 /* console.c */ = {isa = PBXFileReference; fileEncoding = 4; lastKnownFileType = sourcecode.c.c; path = console.c; sourceTree = "<group>"; };
		A1033D0D22CC0B4C0081B896 /* keys.c */ = {isa = PBXFileReference; fileEncoding = 4; lastKnownFileType = sourcecode.c.c; path = keys.c; sourceTree = "<group>"; };
		A1033D0E22CC0B4C0081B896 /* qmenu.h */ = {isa = PBXFileReference; fileEncoding = 4; lastKnownFileType = sourcecode.c.h; path = qmenu.h; sourceTree = "<group>"; };
		A1033D0F22CC0B4C0081B896 /* cl_newfx.c */ = {isa = PBXFileReference; fileEncoding = 4; lastKnownFileType = sourcecode.c.c; path = cl_newfx.c; sourceTree = "<group>"; };
		A1033D1022CC0B4C0081B896 /* cl_pred.c */ = {isa = PBXFileReference; fileEncoding = 4; lastKnownFileType = sourcecode.c.c; path = cl_pred.c; sourceTree = "<group>"; };
		A1033D1122CC0B4C0081B896 /* cl_fx.c */ = {isa = PBXFileReference; fileEncoding = 4; lastKnownFileType = sourcecode.c.c; path = cl_fx.c; sourceTree = "<group>"; };
		A1033D1222CC0B4C0081B896 /* screen.h */ = {isa = PBXFileReference; fileEncoding = 4; lastKnownFileType = sourcecode.c.h; path = screen.h; sourceTree = "<group>"; };
		A1033D1322CC0B4C0081B896 /* anorms.h */ = {isa = PBXFileReference; fileEncoding = 4; lastKnownFileType = sourcecode.c.h; path = anorms.h; sourceTree = "<group>"; };
		A1033D1422CC0B4C0081B896 /* cdaudio.h */ = {isa = PBXFileReference; fileEncoding = 4; lastKnownFileType = sourcecode.c.h; path = cdaudio.h; sourceTree = "<group>"; };
		A1033D1522CC0B4C0081B896 /* block8.h */ = {isa = PBXFileReference; fileEncoding = 4; lastKnownFileType = sourcecode.c.h; path = block8.h; sourceTree = "<group>"; };
		A1033D1622CC0B4C0081B896 /* ref.h */ = {isa = PBXFileReference; fileEncoding = 4; lastKnownFileType = sourcecode.c.h; path = ref.h; sourceTree = "<group>"; };
		A1033D1722CC0B4C0081B896 /* cl_cin.c */ = {isa = PBXFileReference; fileEncoding = 4; lastKnownFileType = sourcecode.c.c; path = cl_cin.c; sourceTree = "<group>"; };
		A1033D1822CC0B4C0081B896 /* x86.c */ = {isa = PBXFileReference; fileEncoding = 4; lastKnownFileType = sourcecode.c.c; path = x86.c; sourceTree = "<group>"; };
		A1033D1922CC0B4C0081B896 /* snd_mem.c */ = {isa = PBXFileReference; fileEncoding = 4; lastKnownFileType = sourcecode.c.c; path = snd_mem.c; sourceTree = "<group>"; };
		A1033D1A22CC0B4C0081B896 /* vid.h */ = {isa = PBXFileReference; fileEncoding = 4; lastKnownFileType = sourcecode.c.h; path = vid.h; sourceTree = "<group>"; };
		A1033D1B22CC0B4C0081B896 /* cl_inv.c */ = {isa = PBXFileReference; fileEncoding = 4; lastKnownFileType = sourcecode.c.c; path = cl_inv.c; sourceTree = "<group>"; };
		A1033D1C22CC0B4C0081B896 /* cl_view.c */ = {isa = PBXFileReference; fileEncoding = 4; lastKnownFileType = sourcecode.c.c; path = cl_view.c; sourceTree = "<group>"; };
		A1033D1D22CC0B4C0081B896 /* cl_tent.c */ = {isa = PBXFileReference; fileEncoding = 4; lastKnownFileType = sourcecode.c.c; path = cl_tent.c; sourceTree = "<group>"; };
		A1033D3322CC0B730081B896 /* common.c */ = {isa = PBXFileReference; fileEncoding = 4; lastKnownFileType = sourcecode.c.c; path = common.c; sourceTree = "<group>"; };
		A1033D3422CC0B730081B896 /* md4.c */ = {isa = PBXFileReference; fileEncoding = 4; lastKnownFileType = sourcecode.c.c; path = md4.c; sourceTree = "<group>"; };
		A1033D3522CC0B730081B896 /* pmove.c */ = {isa = PBXFileReference; fileEncoding = 4; lastKnownFileType = sourcecode.c.c; path = pmove.c; sourceTree = "<group>"; };
		A1033D3622CC0B730081B896 /* files.c */ = {isa = PBXFileReference; fileEncoding = 4; lastKnownFileType = sourcecode.c.c; path = files.c; sourceTree = "<group>"; };
		A1033D3722CC0B730081B896 /* crc.h */ = {isa = PBXFileReference; fileEncoding = 4; lastKnownFileType = sourcecode.c.h; path = crc.h; sourceTree = "<group>"; };
		A1033D3822CC0B730081B896 /* qfiles.h */ = {isa = PBXFileReference; fileEncoding = 4; lastKnownFileType = sourcecode.c.h; path = qfiles.h; sourceTree = "<group>"; };
		A1033D3922CC0B730081B896 /* cmd.c */ = {isa = PBXFileReference; fileEncoding = 4; lastKnownFileType = sourcecode.c.c; path = cmd.c; sourceTree = "<group>"; };
		A1033D3A22CC0B730081B896 /* qcommon.h */ = {isa = PBXFileReference; fileEncoding = 4; lastKnownFileType = sourcecode.c.h; path = qcommon.h; sourceTree = "<group>"; };
		A1033D3B22CC0B730081B896 /* cmodel.c */ = {isa = PBXFileReference; fileEncoding = 4; lastKnownFileType = sourcecode.c.c; path = cmodel.c; sourceTree = "<group>"; };
		A1033D3C22CC0B730081B896 /* crc.c */ = {isa = PBXFileReference; fileEncoding = 4; lastKnownFileType = sourcecode.c.c; path = crc.c; sourceTree = "<group>"; };
		A1033D3D22CC0B730081B896 /* cvar.c */ = {isa = PBXFileReference; fileEncoding = 4; lastKnownFileType = sourcecode.c.c; path = cvar.c; sourceTree = "<group>"; };
		A1033D3E22CC0B730081B896 /* net_chan.c */ = {isa = PBXFileReference; fileEncoding = 4; lastKnownFileType = sourcecode.c.c; path = net_chan.c; sourceTree = "<group>"; };
		A1033D4A22CC0BD70081B896 /* gl_model.c */ = {isa = PBXFileReference; fileEncoding = 4; lastKnownFileType = sourcecode.c.c; path = gl_model.c; sourceTree = "<group>"; };
		A1033D4B22CC0BD70081B896 /* qgl.h */ = {isa = PBXFileReference; fileEncoding = 4; lastKnownFileType = sourcecode.c.h; path = qgl.h; sourceTree = "<group>"; };
		A1033D4C22CC0BD70081B896 /* ref_gl.dsp */ = {isa = PBXFileReference; fileEncoding = 4; lastKnownFileType = text; path = ref_gl.dsp; sourceTree = "<group>"; };
		A1033D4D22CC0BD70081B896 /* gl_mesh.c */ = {isa = PBXFileReference; fileEncoding = 4; lastKnownFileType = sourcecode.c.c; path = gl_mesh.c; sourceTree = "<group>"; };
		A1033D4E22CC0BD70081B896 /* gl_image.c */ = {isa = PBXFileReference; fileEncoding = 4; lastKnownFileType = sourcecode.c.c; path = gl_image.c; sourceTree = "<group>"; };
		A1033D4F22CC0BD70081B896 /* anormtab.h */ = {isa = PBXFileReference; fileEncoding = 4; lastKnownFileType = sourcecode.c.h; path = anormtab.h; sourceTree = "<group>"; };
		A1033D5022CC0BD70081B896 /* gl_model.h */ = {isa = PBXFileReference; fileEncoding = 4; lastKnownFileType = sourcecode.c.h; path = gl_model.h; sourceTree = "<group>"; };
		A1033D5122CC0BD70081B896 /* gl_light.c */ = {isa = PBXFileReference; fileEncoding = 4; lastKnownFileType = sourcecode.c.c; path = gl_light.c; sourceTree = "<group>"; };
		A1033D5222CC0BD70081B896 /* gl_rmisc.c */ = {isa = PBXFileReference; fileEncoding = 4; lastKnownFileType = sourcecode.c.c; path = gl_rmisc.c; sourceTree = "<group>"; };
		A1033D5322CC0BD70081B896 /* warpsin.h */ = {isa = PBXFileReference; fileEncoding = 4; lastKnownFileType = sourcecode.c.h; path = warpsin.h; sourceTree = "<group>"; };
		A1033D5422CC0BD70081B896 /* gl_draw.c */ = {isa = PBXFileReference; fileEncoding = 4; lastKnownFileType = sourcecode.c.c; path = gl_draw.c; sourceTree = "<group>"; };
		A1033D5522CC0BD70081B896 /* anorms.h */ = {isa = PBXFileReference; fileEncoding = 4; lastKnownFileType = sourcecode.c.h; path = anorms.h; sourceTree = "<group>"; };
		A1033D5622CC0BD70081B896 /* gl_rsurf.c */ = {isa = PBXFileReference; fileEncoding = 4; lastKnownFileType = sourcecode.c.c; path = gl_rsurf.c; sourceTree = "<group>"; };
		A1033D5722CC0BD70081B896 /* gl_rmain.c */ = {isa = PBXFileReference; fileEncoding = 4; lastKnownFileType = sourcecode.c.c; path = gl_rmain.c; sourceTree = "<group>"; };
		A1033D5822CC0BD70081B896 /* gl_local.h */ = {isa = PBXFileReference; fileEncoding = 4; lastKnownFileType = sourcecode.c.h; path = gl_local.h; sourceTree = "<group>"; };
		A1033D5922CC0BD70081B896 /* gl_warp.c */ = {isa = PBXFileReference; fileEncoding = 4; lastKnownFileType = sourcecode.c.c; path = gl_warp.c; sourceTree = "<group>"; };
		A1033D5A22CC0BD70081B896 /* ref_gl.def */ = {isa = PBXFileReference; fileEncoding = 4; lastKnownFileType = text; path = ref_gl.def; sourceTree = "<group>"; };
		A1033D6B22CC0CAE0081B896 /* sv_null.c */ = {isa = PBXFileReference; fileEncoding = 4; lastKnownFileType = sourcecode.c.c; path = sv_null.c; sourceTree = "<group>"; };
		A1033D6C22CC0CAE0081B896 /* sv_main.c */ = {isa = PBXFileReference; fileEncoding = 4; lastKnownFileType = sourcecode.c.c; path = sv_main.c; sourceTree = "<group>"; };
		A1033D6D22CC0CAE0081B896 /* sv_init.c */ = {isa = PBXFileReference; fileEncoding = 4; lastKnownFileType = sourcecode.c.c; path = sv_init.c; sourceTree = "<group>"; };
		A1033D6E22CC0CAE0081B896 /* sv_game.c */ = {isa = PBXFileReference; fileEncoding = 4; lastKnownFileType = sourcecode.c.c; path = sv_game.c; sourceTree = "<group>"; };
		A1033D6F22CC0CAE0081B896 /* server.h */ = {isa = PBXFileReference; fileEncoding = 4; lastKnownFileType = sourcecode.c.h; path = server.h; sourceTree = "<group>"; };
		A1033D7022CC0CAE0081B896 /* sv_user.c */ = {isa = PBXFileReference; fileEncoding = 4; lastKnownFileType = sourcecode.c.c; path = sv_user.c; sourceTree = "<group>"; };
		A1033D7122CC0CAE0081B896 /* sv_ccmds.c */ = {isa = PBXFileReference; fileEncoding = 4; lastKnownFileType = sourcecode.c.c; path = sv_ccmds.c; sourceTree = "<group>"; };
		A1033D7222CC0CAE0081B896 /* sv_ents.c */ = {isa = PBXFileReference; fileEncoding = 4; lastKnownFileType = sourcecode.c.c; path = sv_ents.c; sourceTree = "<group>"; };
		A1033D7322CC0CAE0081B896 /* sv_send.c */ = {isa = PBXFileReference; fileEncoding = 4; lastKnownFileType = sourcecode.c.c; path = sv_send.c; sourceTree = "<group>"; };
		A1033D7422CC0CAE0081B896 /* sv_world.c */ = {isa = PBXFileReference; fileEncoding = 4; lastKnownFileType = sourcecode.c.c; path = sv_world.c; sourceTree = "<group>"; };
		A1033D8222CC11640081B896 /* glimp_sdl.c */ = {isa = PBXFileReference; fileEncoding = 4; lastKnownFileType = sourcecode.c.c; path = glimp_sdl.c; sourceTree = "<group>"; };
		A1033D8422CC12850081B896 /* q2icon64.h */ = {isa = PBXFileReference; lastKnownFileType = sourcecode.c.h; path = q2icon64.h; sourceTree = "<group>"; };
		A10DA00222CD34BD000ACB85 /* vid.c */ = {isa = PBXFileReference; fileEncoding = 4; lastKnownFileType = sourcecode.c.c; path = vid.c; sourceTree = "<group>"; };
		A15FA1742110C5BB0048A3AD /* LICENSE */ = {isa = PBXFileReference; fileEncoding = 4; lastKnownFileType = text; path = LICENSE; sourceTree = "<group>"; };
		A15FA1752110C5BB0048A3AD /* README.md */ = {isa = PBXFileReference; fileEncoding = 4; lastKnownFileType = net.daringfireball.markdown; path = README.md; sourceTree = "<group>"; };
		A15FA1772110C5BC0048A3AD /* Makefile */ = {isa = PBXFileReference; fileEncoding = 4; lastKnownFileType = sourcecode.make; path = Makefile; sourceTree = "<group>"; };
		A15FA2A92110C5BC0048A3AD /* CMakeLists.txt */ = {isa = PBXFileReference; fileEncoding = 4; lastKnownFileType = text; path = CMakeLists.txt; sourceTree = "<group>"; };
		A15FA2AA2110C5BC0048A3AD /* CHANGELOG */ = {isa = PBXFileReference; fileEncoding = 4; lastKnownFileType = text; path = CHANGELOG; sourceTree = "<group>"; };
		A15FA3582110CF4E0048A3AD /* SDL2.framework */ = {isa = PBXFileReference; lastKnownFileType = wrapper.framework; name = SDL2.framework; path = ../../../../../Library/Frameworks/SDL2.framework; sourceTree = "<group>"; };
		A15FA35C2111095C0048A3AD /* OpenGL.framework */ = {isa = PBXFileReference; lastKnownFileType = wrapper.framework; name = OpenGL.framework; path = System/Library/Frameworks/OpenGL.framework; sourceTree = SDKROOT; };
		A15FA362211114310048A3AD /* game.dylib */ = {isa = PBXFileReference; explicitFileType = "compiled.mach-o.dylib"; includeInIndex = 0; path = game.dylib; sourceTree = BUILT_PRODUCTS_DIR; };
		A15FA39C211118220048A3AD /* ref_gl1.dylib */ = {isa = PBXFileReference; explicitFileType = "compiled.mach-o.dylib"; includeInIndex = 0; path = ref_gl1.dylib; sourceTree = BUILT_PRODUCTS_DIR; };
		A15FA414211150E90048A3AD /* quake2.app */ = {isa = PBXFileReference; explicitFileType = wrapper.application; includeInIndex = 0; path = quake2.app; sourceTree = BUILT_PRODUCTS_DIR; };
		A15FA416211150E90048A3AD /* AppDelegate.swift */ = {isa = PBXFileReference; lastKnownFileType = sourcecode.swift; path = AppDelegate.swift; sourceTree = "<group>"; };
		A15FA418211150EA0048A3AD /* Assets.xcassets */ = {isa = PBXFileReference; lastKnownFileType = folder.assetcatalog; path = Assets.xcassets; sourceTree = "<group>"; };
		A15FA41B211150EA0048A3AD /* Base */ = {isa = PBXFileReference; lastKnownFileType = file.xib; name = Base; path = Base.lproj/MainMenu.xib; sourceTree = "<group>"; };
		A15FA41D211150EA0048A3AD /* Info.plist */ = {isa = PBXFileReference; lastKnownFileType = text.plist.xml; path = Info.plist; sourceTree = "<group>"; };
		A15FA41E211150EA0048A3AD /* quake2.entitlements */ = {isa = PBXFileReference; lastKnownFileType = text.plist.entitlements; path = quake2.entitlements; sourceTree = "<group>"; };
		A15FA474211153E60048A3AD /* baseq2 */ = {isa = PBXFileReference; lastKnownFileType = folder; name = baseq2; path = ../../../Dropbox/Files/quake2/baseq2; sourceTree = "<group>"; };
		A15FA475211153E70048A3AD /* music */ = {isa = PBXFileReference; lastKnownFileType = folder; name = music; path = ../../../Dropbox/Files/quake2/music; sourceTree = "<group>"; };
/* End PBXFileReference section */

/* Begin PBXFrameworksBuildPhase section */
		A15FA35F211114310048A3AD /* Frameworks */ = {
			isa = PBXFrameworksBuildPhase;
			buildActionMask = 2147483647;
			files = (
			);
			runOnlyForDeploymentPostprocessing = 0;
		};
		A15FA399211118220048A3AD /* Frameworks */ = {
			isa = PBXFrameworksBuildPhase;
			buildActionMask = 2147483647;
			files = (
				A15FA3AE211118830048A3AD /* SDL2.framework in Frameworks */,
			);
			runOnlyForDeploymentPostprocessing = 0;
		};
		A15FA411211150E90048A3AD /* Frameworks */ = {
			isa = PBXFrameworksBuildPhase;
			buildActionMask = 2147483647;
			files = (
				A1B203C421D428E500D8D86D /* ref_gl1.dylib in Frameworks */,
				A15FA46B211152310048A3AD /* SDL2.framework in Frameworks */,
			);
			runOnlyForDeploymentPostprocessing = 0;
		};
/* End PBXFrameworksBuildPhase section */

/* Begin PBXGroup section */
		A1033C6222CC0A5C0081B896 /* game */ = {
			isa = PBXGroup;
			children = (
				A1033C8522CC0A5C0081B896 /* g_ai.c */,
				A1033C6F22CC0A5C0081B896 /* g_chase.c */,
				A1033C9622CC0A5C0081B896 /* g_cmds.c */,
				A1033C8E22CC0A5C0081B896 /* g_combat.c */,
				A1033C6722CC0A5C0081B896 /* g_func.c */,
				A1033C8622CC0A5C0081B896 /* g_items.c */,
				A1033C8022CC0A5C0081B896 /* g_local.h */,
				A1033C9F22CC0A5C0081B896 /* g_main.c */,
				A1033C8322CC0A5C0081B896 /* g_misc.c */,
				A1033C8D22CC0A5C0081B896 /* g_monster.c */,
				A1033CA922CC0A5C0081B896 /* g_phys.c */,
				A1033C8822CC0A5C0081B896 /* g_save.c */,
				A1033C7A22CC0A5C0081B896 /* g_spawn.c */,
				A1033C9322CC0A5C0081B896 /* g_svcmds.c */,
				A1033C9922CC0A5C0081B896 /* g_target.c */,
				A1033CAD22CC0A5C0081B896 /* g_trigger.c */,
				A1033C6B22CC0A5C0081B896 /* g_turret.c */,
				A1033C7422CC0A5C0081B896 /* g_utils.c */,
				A1033C9122CC0A5C0081B896 /* g_weapon.c */,
				A1033C8122CC0A5C0081B896 /* game.def */,
				A1033C9A22CC0A5C0081B896 /* game.dsp */,
				A1033C8B22CC0A5C0081B896 /* game.h */,
				A1033CAB22CC0A5C0081B896 /* m_actor.c */,
				A1033C7E22CC0A5C0081B896 /* m_actor.h */,
				A1033CA722CC0A5C0081B896 /* m_berserk.c */,
				A1033C7722CC0A5C0081B896 /* m_berserk.h */,
				A1033C6622CC0A5C0081B896 /* m_boss2.c */,
				A1033C8C22CC0A5C0081B896 /* m_boss2.h */,
				A1033CA222CC0A5C0081B896 /* m_boss3.c */,
				A1033C6E22CC0A5C0081B896 /* m_boss31.c */,
				A1033C9822CC0A5C0081B896 /* m_boss31.h */,
				A1033C7D22CC0A5C0081B896 /* m_boss32.c */,
				A1033CAC22CC0A5C0081B896 /* m_boss32.h */,
				A1033CA422CC0A5C0081B896 /* m_brain.c */,
				A1033C7B22CC0A5C0081B896 /* m_brain.h */,
				A1033C6D22CC0A5C0081B896 /* m_chick.c */,
				A1033C9E22CC0A5C0081B896 /* m_chick.h */,
				A1033CA322CC0A5C0081B896 /* m_flash.c */,
				A1033C8722CC0A5C0081B896 /* m_flipper.c */,
				A1033C6822CC0A5C0081B896 /* m_flipper.h */,
				A1033C7C22CC0A5C0081B896 /* m_float.c */,
				A1033CA022CC0A5C0081B896 /* m_float.h */,
				A1033CA522CC0A5C0081B896 /* m_flyer.c */,
				A1033C7822CC0A5C0081B896 /* m_flyer.h */,
				A1033C9C22CC0A5C0081B896 /* m_gladiator.c */,
				A1033C7022CC0A5C0081B896 /* m_gladiator.h */,
				A1033C7322CC0A5C0081B896 /* m_gunner.c */,
				A1033C9522CC0A5C0081B896 /* m_gunner.h */,
				A1033C6C22CC0A5C0081B896 /* m_hover.c */,
				A1033C9D22CC0A5C0081B896 /* m_hover.h */,
				A1033C7F22CC0A5C0081B896 /* m_infantry.c */,
				A1033CAE22CC0A5C0081B896 /* m_infantry.h */,
				A1033CA822CC0A5C0081B896 /* m_insane.c */,
				A1033C8222CC0A5C0081B896 /* m_insane.h */,
				A1033CA622CC0A5C0081B896 /* m_medic.c */,
				A1033C7622CC0A5C0081B896 /* m_medic.h */,
				A1033C7922CC0A5C0081B896 /* m_move.c */,
				A1033C8422CC0A5C0081B896 /* m_mutant.c */,
				A1033C6A22CC0A5C0081B896 /* m_mutant.h */,
				A1033C7122CC0A5C0081B896 /* m_parasite.c */,
				A1033C9B22CC0A5C0081B896 /* m_parasite.h */,
				A1033CAA22CC0A5C0081B896 /* m_player.h */,
				A1033C8922CC0A5C0081B896 /* m_rider.h */,
				A1033C8A22CC0A5C0081B896 /* m_soldier.c */,
				A1033C6522CC0A5C0081B896 /* m_soldier.h */,
				A1033C7522CC0A5C0081B896 /* m_supertank.c */,
				A1033C9222CC0A5C0081B896 /* m_supertank.h */,
				A1033C9422CC0A5C0081B896 /* m_tank.c */,
				A1033C7222CC0A5C0081B896 /* m_tank.h */,
				A1033C8F22CC0A5C0081B896 /* p_client.c */,
				A1033C9722CC0A5C0081B896 /* p_hud.c */,
				A1033CA122CC0A5C0081B896 /* p_trail.c */,
				A1033C6922CC0A5C0081B896 /* p_view.c */,
				A1033C6422CC0A5C0081B896 /* p_weapon.c */,
				A1033C9022CC0A5C0081B896 /* q_shared.c */,
				A1033C6322CC0A5C0081B896 /* q_shared.h */,
			);
			path = game;
			sourceTree = "<group>";
		};
		A1033CF922CC0B4C0081B896 /* client */ = {
			isa = PBXGroup;
			children = (
				A1033D0922CC0B4C0081B896 /* adivtab.h */,
				A1033D1322CC0B4C0081B896 /* anorms.h */,
				A1033D0322CC0B4C0081B896 /* asm_i386.h */,
				A1033D1522CC0B4C0081B896 /* block8.h */,
				A1033D0A22CC0B4C0081B896 /* block16.h */,
				A1033D1422CC0B4C0081B896 /* cdaudio.h */,
				A1033D1722CC0B4C0081B896 /* cl_cin.c */,
				A1033D0722CC0B4C0081B896 /* cl_ents.c */,
				A1033D1122CC0B4C0081B896 /* cl_fx.c */,
				A1033D0822CC0B4C0081B896 /* cl_input.c */,
				A1033D1B22CC0B4C0081B896 /* cl_inv.c */,
				A1033D0B22CC0B4C0081B896 /* cl_main.c */,
				A1033D0F22CC0B4C0081B896 /* cl_newfx.c */,
				A1033D0422CC0B4C0081B896 /* cl_parse.c */,
				A1033D1022CC0B4C0081B896 /* cl_pred.c */,
				A1033CFC22CC0B4C0081B896 /* cl_scrn.c */,
				A1033D1D22CC0B4C0081B896 /* cl_tent.c */,
				A1033D1C22CC0B4C0081B896 /* cl_view.c */,
				A1033D0122CC0B4C0081B896 /* client.h */,
				A1033D0C22CC0B4C0081B896 /* console.c */,
				A1033CFE22CC0B4C0081B896 /* console.h */,
				A1033CFF22CC0B4C0081B896 /* input.h */,
				A1033D0D22CC0B4C0081B896 /* keys.c */,
				A1033CFB22CC0B4C0081B896 /* keys.h */,
				A1033D0622CC0B4C0081B896 /* menu.c */,
				A1033CFA22CC0B4C0081B896 /* qmenu.c */,
				A1033D0E22CC0B4C0081B896 /* qmenu.h */,
				A1033D1622CC0B4C0081B896 /* ref.h */,
				A1033D1222CC0B4C0081B896 /* screen.h */,
				A1033D0222CC0B4C0081B896 /* snd_dma.c */,
				A1033D0522CC0B4C0081B896 /* snd_loc.h */,
				A1033D1922CC0B4C0081B896 /* snd_mem.c */,
				A1033D0022CC0B4C0081B896 /* snd_mix.c */,
				A1033CFD22CC0B4C0081B896 /* sound.h */,
				A1033D1A22CC0B4C0081B896 /* vid.h */,
				A1033D1822CC0B4C0081B896 /* x86.c */,
			);
			path = client;
			sourceTree = "<group>";
		};
		A1033D3222CC0B730081B896 /* qcommon */ = {
			isa = PBXGroup;
			children = (
				A1033D3922CC0B730081B896 /* cmd.c */,
				A1033D3B22CC0B730081B896 /* cmodel.c */,
				A1033D3322CC0B730081B896 /* common.c */,
				A1033D3C22CC0B730081B896 /* crc.c */,
				A1033D3722CC0B730081B896 /* crc.h */,
				A1033D3D22CC0B730081B896 /* cvar.c */,
				A1033D3622CC0B730081B896 /* files.c */,
				A1033D3422CC0B730081B896 /* md4.c */,
				A1033D3E22CC0B730081B896 /* net_chan.c */,
				A1033D3522CC0B730081B896 /* pmove.c */,
				A1033D3A22CC0B730081B896 /* qcommon.h */,
				A1033D3822CC0B730081B896 /* qfiles.h */,
			);
			path = qcommon;
			sourceTree = "<group>";
		};
		A1033D4922CC0BD70081B896 /* ref_gl */ = {
			isa = PBXGroup;
			children = (
				A1033D5522CC0BD70081B896 /* anorms.h */,
				A1033D4F22CC0BD70081B896 /* anormtab.h */,
				A1033D5422CC0BD70081B896 /* gl_draw.c */,
				A1033D4E22CC0BD70081B896 /* gl_image.c */,
				A1033D5122CC0BD70081B896 /* gl_light.c */,
				A1033D5822CC0BD70081B896 /* gl_local.h */,
				A1033D4D22CC0BD70081B896 /* gl_mesh.c */,
				A1033D4A22CC0BD70081B896 /* gl_model.c */,
				A1033D5022CC0BD70081B896 /* gl_model.h */,
				A1033D5722CC0BD70081B896 /* gl_rmain.c */,
				A1033D5222CC0BD70081B896 /* gl_rmisc.c */,
				A1033D5622CC0BD70081B896 /* gl_rsurf.c */,
				A1033D5922CC0BD70081B896 /* gl_warp.c */,
				A1033D4B22CC0BD70081B896 /* qgl.h */,
				A1033D5A22CC0BD70081B896 /* ref_gl.def */,
				A1033D4C22CC0BD70081B896 /* ref_gl.dsp */,
				A1033D5322CC0BD70081B896 /* warpsin.h */,
			);
			path = ref_gl;
			sourceTree = "<group>";
		};
		A1033D6A22CC0CAE0081B896 /* server */ = {
			isa = PBXGroup;
			children = (
				A1033D6F22CC0CAE0081B896 /* server.h */,
				A1033D7122CC0CAE0081B896 /* sv_ccmds.c */,
				A1033D7222CC0CAE0081B896 /* sv_ents.c */,
				A1033D6E22CC0CAE0081B896 /* sv_game.c */,
				A1033D6D22CC0CAE0081B896 /* sv_init.c */,
				A1033D6C22CC0CAE0081B896 /* sv_main.c */,
				A1033D6B22CC0CAE0081B896 /* sv_null.c */,
				A1033D7322CC0CAE0081B896 /* sv_send.c */,
				A1033D7022CC0CAE0081B896 /* sv_user.c */,
				A1033D7422CC0CAE0081B896 /* sv_world.c */,
			);
			path = server;
			sourceTree = "<group>";
		};
		A1033D8022CC11040081B896 /* macos */ = {
			isa = PBXGroup;
			children = (
			);
			path = macos;
			sourceTree = "<group>";
		};
		A1033D8122CC114F0081B896 /* sdl */ = {
			isa = PBXGroup;
			children = (
				A10DA00222CD34BD000ACB85 /* vid.c */,
				A1033D8422CC12850081B896 /* q2icon64.h */,
				A1033D8222CC11640081B896 /* glimp_sdl.c */,
			);
			path = sdl;
			sourceTree = "<group>";
		};
		A13509A92110C1760077F93F = {
			isa = PBXGroup;
			children = (
				A15FA474211153E60048A3AD /* baseq2 */,
				A15FA475211153E70048A3AD /* music */,
				A15FA2AA2110C5BC0048A3AD /* CHANGELOG */,
				A15FA2A92110C5BC0048A3AD /* CMakeLists.txt */,
				A15FA415211150E90048A3AD /* quake2 */,
				A15FA3532110CDDF0048A3AD /* Frameworks */,
				A15FA1742110C5BB0048A3AD /* LICENSE */,
				A15FA1772110C5BC0048A3AD /* Makefile */,
				A13509B32110C1760077F93F /* Products */,
				A15FA1752110C5BB0048A3AD /* README.md */,
				A15FA1782110C5BC0048A3AD /* src */,
			);
			sourceTree = "<group>";
		};
		A13509B32110C1760077F93F /* Products */ = {
			isa = PBXGroup;
			children = (
				A15FA362211114310048A3AD /* game.dylib */,
				A15FA39C211118220048A3AD /* ref_gl1.dylib */,
				A15FA414211150E90048A3AD /* quake2.app */,
			);
			name = Products;
			sourceTree = "<group>";
		};
		A15FA1782110C5BC0048A3AD /* src */ = {
			isa = PBXGroup;
			children = (
				A1033CF922CC0B4C0081B896 /* client */,
				A1033C6222CC0A5C0081B896 /* game */,
				A1033D8022CC11040081B896 /* macos */,
				A1033D3222CC0B730081B896 /* qcommon */,
				A1033D4922CC0BD70081B896 /* ref_gl */,
				A1033D8122CC114F0081B896 /* sdl */,
				A1033D6A22CC0CAE0081B896 /* server */,
			);
			path = src;
			sourceTree = "<group>";
		};
		A15FA3532110CDDF0048A3AD /* Frameworks */ = {
			isa = PBXGroup;
			children = (
				A15FA35C2111095C0048A3AD /* OpenGL.framework */,
				A15FA3582110CF4E0048A3AD /* SDL2.framework */,
			);
			name = Frameworks;
			sourceTree = "<group>";
		};
		A15FA415211150E90048A3AD /* quake2 */ = {
			isa = PBXGroup;
			children = (
				A15FA416211150E90048A3AD /* AppDelegate.swift */,
				A15FA418211150EA0048A3AD /* Assets.xcassets */,
				A15FA41A211150EA0048A3AD /* MainMenu.xib */,
				A15FA41D211150EA0048A3AD /* Info.plist */,
				A15FA41E211150EA0048A3AD /* quake2.entitlements */,
			);
			path = quake2;
			sourceTree = "<group>";
		};
/* End PBXGroup section */

/* Begin PBXHeadersBuildPhase section */
		A15FA360211114310048A3AD /* Headers */ = {
			isa = PBXHeadersBuildPhase;
			buildActionMask = 2147483647;
			files = (
				A1033CC422CC0A5C0081B896 /* m_flyer.h in Headers */,
				A1033CD422CC0A5C0081B896 /* m_rider.h in Headers */,
				A1033CC722CC0A5C0081B896 /* m_brain.h in Headers */,
				A1033CE022CC0A5C0081B896 /* m_gunner.h in Headers */,
				A1033CE322CC0A5C0081B896 /* m_boss31.h in Headers */,
				A1033CCD22CC0A5C0081B896 /* m_insane.h in Headers */,
				A1033CD722CC0A5C0081B896 /* m_boss2.h in Headers */,
				A1033CBE22CC0A5C0081B896 /* m_tank.h in Headers */,
				A1033CCA22CC0A5C0081B896 /* m_actor.h in Headers */,
				A1033CCC22CC0A5C0081B896 /* g_local.h in Headers */,
				A1033CDD22CC0A5C0081B896 /* m_supertank.h in Headers */,
				A1033CE522CC0A5C0081B896 /* m_parasite.h in Headers */,
				A1033CAF22CC0A5C0081B896 /* q_shared.h in Headers */,
				A1033CE822CC0A5C0081B896 /* m_chick.h in Headers */,
				A1033CB622CC0A5C0081B896 /* m_mutant.h in Headers */,
				A1033CEA22CC0A5C0081B896 /* m_float.h in Headers */,
				A1033CC322CC0A5C0081B896 /* m_berserk.h in Headers */,
				A1033CF422CC0A5C0081B896 /* m_player.h in Headers */,
				A1033CE722CC0A5C0081B896 /* m_hover.h in Headers */,
				A1033CF622CC0A5C0081B896 /* m_boss32.h in Headers */,
				A1033CD622CC0A5C0081B896 /* game.h in Headers */,
				A1033CB422CC0A5C0081B896 /* m_flipper.h in Headers */,
				A1033CBC22CC0A5C0081B896 /* m_gladiator.h in Headers */,
				A1033CC222CC0A5C0081B896 /* m_medic.h in Headers */,
				A1033CB122CC0A5C0081B896 /* m_soldier.h in Headers */,
				A1033CF822CC0A5C0081B896 /* m_infantry.h in Headers */,
			);
			runOnlyForDeploymentPostprocessing = 0;
		};
		A15FA39A211118220048A3AD /* Headers */ = {
			isa = PBXHeadersBuildPhase;
			buildActionMask = 2147483647;
			files = (
				A1033D5F22CC0BD70081B896 /* anormtab.h in Headers */,
				A1033D6822CC0BD70081B896 /* gl_local.h in Headers */,
				A1033D6022CC0BD70081B896 /* gl_model.h in Headers */,
				A1033D5C22CC0BD70081B896 /* qgl.h in Headers */,
				A1033D6322CC0BD70081B896 /* warpsin.h in Headers */,
				A1033D6522CC0BD70081B896 /* anorms.h in Headers */,
			);
			runOnlyForDeploymentPostprocessing = 0;
		};
/* End PBXHeadersBuildPhase section */

/* Begin PBXNativeTarget section */
		A15FA361211114310048A3AD /* game */ = {
			isa = PBXNativeTarget;
			buildConfigurationList = A15FA363211114310048A3AD /* Build configuration list for PBXNativeTarget "game" */;
			buildPhases = (
				A15FA35E211114310048A3AD /* Sources */,
				A15FA35F211114310048A3AD /* Frameworks */,
				A15FA360211114310048A3AD /* Headers */,
			);
			buildRules = (
			);
			dependencies = (
			);
			name = game;
			productName = baseq2;
			productReference = A15FA362211114310048A3AD /* game.dylib */;
			productType = "com.apple.product-type.library.dynamic";
		};
		A15FA39B211118220048A3AD /* ref_gl1 */ = {
			isa = PBXNativeTarget;
			buildConfigurationList = A15FA39D211118220048A3AD /* Build configuration list for PBXNativeTarget "ref_gl1" */;
			buildPhases = (
				A15FA398211118220048A3AD /* Sources */,
				A15FA399211118220048A3AD /* Frameworks */,
				A15FA39A211118220048A3AD /* Headers */,
			);
			buildRules = (
			);
			dependencies = (
			);
			name = ref_gl1;
			productName = ref_gl1;
			productReference = A15FA39C211118220048A3AD /* ref_gl1.dylib */;
			productType = "com.apple.product-type.library.dynamic";
		};
		A15FA413211150E90048A3AD /* quake2 */ = {
			isa = PBXNativeTarget;
			buildConfigurationList = A15FA41F211150EA0048A3AD /* Build configuration list for PBXNativeTarget "quake2" */;
			buildPhases = (
				A15FA410211150E90048A3AD /* Sources */,
				A15FA411211150E90048A3AD /* Frameworks */,
				A15FA412211150E90048A3AD /* Resources */,
				A15FA478211154110048A3AD /* CopyFiles */,
			);
			buildRules = (
			);
			dependencies = (
			);
			name = quake2;
			productName = quake2;
			productReference = A15FA414211150E90048A3AD /* quake2.app */;
			productType = "com.apple.product-type.application";
		};
/* End PBXNativeTarget section */

/* Begin PBXProject section */
		A13509AA2110C1760077F93F /* Project object */ = {
			isa = PBXProject;
			attributes = {
				LastSwiftUpdateCheck = 0940;
				LastUpgradeCheck = 1010;
				ORGANIZATIONNAME = "Tom Kidd";
				TargetAttributes = {
					A15FA361211114310048A3AD = {
						CreatedOnToolsVersion = 9.4.1;
					};
					A15FA39B211118220048A3AD = {
						CreatedOnToolsVersion = 9.4.1;
					};
					A15FA413211150E90048A3AD = {
						CreatedOnToolsVersion = 9.4.1;
						LastSwiftMigration = 1020;
					};
				};
			};
			buildConfigurationList = A13509AD2110C1760077F93F /* Build configuration list for PBXProject "quake2" */;
			compatibilityVersion = "Xcode 9.3";
			developmentRegion = en;
			hasScannedForEncodings = 0;
			knownRegions = (
				en,
				Base,
			);
			mainGroup = A13509A92110C1760077F93F;
			productRefGroup = A13509B32110C1760077F93F /* Products */;
			projectDirPath = "";
			projectRoot = "";
			targets = (
				A15FA413211150E90048A3AD /* quake2 */,
				A15FA361211114310048A3AD /* game */,
				A15FA39B211118220048A3AD /* ref_gl1 */,
			);
		};
/* End PBXProject section */

/* Begin PBXResourcesBuildPhase section */
		A15FA412211150E90048A3AD /* Resources */ = {
			isa = PBXResourcesBuildPhase;
			buildActionMask = 2147483647;
			files = (
				A15FA476211153E70048A3AD /* baseq2 in Resources */,
				A15FA419211150EA0048A3AD /* Assets.xcassets in Resources */,
				A15FA477211153E70048A3AD /* music in Resources */,
				A15FA41C211150EA0048A3AD /* MainMenu.xib in Resources */,
			);
			runOnlyForDeploymentPostprocessing = 0;
		};
/* End PBXResourcesBuildPhase section */

/* Begin PBXSourcesBuildPhase section */
		A15FA35E211114310048A3AD /* Sources */ = {
			isa = PBXSourcesBuildPhase;
			buildActionMask = 2147483647;
			files = (
				A1033CD522CC0A5C0081B896 /* m_soldier.c in Sources */,
				A1033CB822CC0A5C0081B896 /* m_hover.c in Sources */,
				A1033CD022CC0A5C0081B896 /* g_ai.c in Sources */,
				A1033CF322CC0A5C0081B896 /* g_phys.c in Sources */,
				A1033CD122CC0A5C0081B896 /* g_items.c in Sources */,
				A1033CED22CC0A5C0081B896 /* m_flash.c in Sources */,
				A1033CC622CC0A5C0081B896 /* g_spawn.c in Sources */,
				A1033CE422CC0A5C0081B896 /* g_target.c in Sources */,
				A1033CEC22CC0A5C0081B896 /* m_boss3.c in Sources */,
				A1033CDC22CC0A5C0081B896 /* g_weapon.c in Sources */,
				A1033CDA22CC0A5C0081B896 /* p_client.c in Sources */,
				A1033CC022CC0A5C0081B896 /* g_utils.c in Sources */,
				A1033CEE22CC0A5C0081B896 /* m_brain.c in Sources */,
				A1033CC522CC0A5C0081B896 /* m_move.c in Sources */,
				A1033CF022CC0A5C0081B896 /* m_medic.c in Sources */,
				A1033CCF22CC0A5C0081B896 /* m_mutant.c in Sources */,
				A1033CD822CC0A5C0081B896 /* g_monster.c in Sources */,
				A1033CDB22CC0A5C0081B896 /* q_shared.c in Sources */,
				A1033CEB22CC0A5C0081B896 /* p_trail.c in Sources */,
				A1033CC922CC0A5C0081B896 /* m_boss32.c in Sources */,
				A1033CEF22CC0A5C0081B896 /* m_flyer.c in Sources */,
				A1033CCE22CC0A5C0081B896 /* g_misc.c in Sources */,
				A1033CC122CC0A5C0081B896 /* m_supertank.c in Sources */,
				A1033CE922CC0A5C0081B896 /* g_main.c in Sources */,
				A1033CBB22CC0A5C0081B896 /* g_chase.c in Sources */,
				A1033CF222CC0A5C0081B896 /* m_insane.c in Sources */,
				A1033CB722CC0A5C0081B896 /* g_turret.c in Sources */,
				A1033CF522CC0A5C0081B896 /* m_actor.c in Sources */,
				A1033CBA22CC0A5C0081B896 /* m_boss31.c in Sources */,
				A1033CDE22CC0A5C0081B896 /* g_svcmds.c in Sources */,
				A1033CDF22CC0A5C0081B896 /* m_tank.c in Sources */,
				A1033CE622CC0A5C0081B896 /* m_gladiator.c in Sources */,
				A1033CE122CC0A5C0081B896 /* g_cmds.c in Sources */,
				A1033CB922CC0A5C0081B896 /* m_chick.c in Sources */,
				A1033CBF22CC0A5C0081B896 /* m_gunner.c in Sources */,
				A1033CB022CC0A5C0081B896 /* p_weapon.c in Sources */,
				A1033CBD22CC0A5C0081B896 /* m_parasite.c in Sources */,
				A1033CF122CC0A5C0081B896 /* m_berserk.c in Sources */,
				A1033CF722CC0A5C0081B896 /* g_trigger.c in Sources */,
				A1033CC822CC0A5C0081B896 /* m_float.c in Sources */,
				A1033CCB22CC0A5C0081B896 /* m_infantry.c in Sources */,
				A1033CD922CC0A5C0081B896 /* g_combat.c in Sources */,
				A1033CB322CC0A5C0081B896 /* g_func.c in Sources */,
				A1033CB222CC0A5C0081B896 /* m_boss2.c in Sources */,
				A1033CB522CC0A5C0081B896 /* p_view.c in Sources */,
				A1033CD322CC0A5C0081B896 /* g_save.c in Sources */,
				A1033CE222CC0A5C0081B896 /* p_hud.c in Sources */,
				A1033CD222CC0A5C0081B896 /* m_flipper.c in Sources */,
			);
			runOnlyForDeploymentPostprocessing = 0;
		};
		A15FA398211118220048A3AD /* Sources */ = {
			isa = PBXSourcesBuildPhase;
			buildActionMask = 2147483647;
			files = (
				A1033D6422CC0BD70081B896 /* gl_draw.c in Sources */,
				A1033D8322CC11640081B896 /* glimp_sdl.c in Sources */,
				A1033D5B22CC0BD70081B896 /* gl_model.c in Sources */,
				A1033D7E22CC0D670081B896 /* q_shared.c in Sources */,
				A1033D6622CC0BD70081B896 /* gl_rsurf.c in Sources */,
				A1033D6922CC0BD70081B896 /* gl_warp.c in Sources */,
				A1033D6122CC0BD70081B896 /* gl_light.c in Sources */,
				A1033D6722CC0BD70081B896 /* gl_rmain.c in Sources */,
				A1033D5E22CC0BD70081B896 /* gl_image.c in Sources */,
				A10DA00322CD34BD000ACB85 /* vid.c in Sources */,
				A1033D6222CC0BD70081B896 /* gl_rmisc.c in Sources */,
				A1033D5D22CC0BD70081B896 /* gl_mesh.c in Sources */,
			);
			runOnlyForDeploymentPostprocessing = 0;
		};
		A15FA410211150E90048A3AD /* Sources */ = {
			isa = PBXSourcesBuildPhase;
			buildActionMask = 2147483647;
			files = (
				A1033D3122CC0B4C0081B896 /* cl_tent.c in Sources */,
				A1033D7522CC0CAE0081B896 /* sv_null.c in Sources */,
				A1033D7F22CC0D680081B896 /* q_shared.c in Sources */,
				A1033D2122CC0B4C0081B896 /* snd_dma.c in Sources */,
				A1033D3F22CC0B730081B896 /* common.c in Sources */,
				A1033D7822CC0CAE0081B896 /* sv_game.c in Sources */,
				A1033D2E22CC0B4C0081B896 /* snd_mem.c in Sources */,
				A1033D7C22CC0CAE0081B896 /* sv_send.c in Sources */,
				A1033D4322CC0B730081B896 /* cmd.c in Sources */,
				A1033D4622CC0B730081B896 /* cvar.c in Sources */,
				A1033D7622CC0CAE0081B896 /* sv_main.c in Sources */,
				A1033D2C22CC0B4C0081B896 /* cl_cin.c in Sources */,
				A1033D4222CC0B730081B896 /* files.c in Sources */,
				A1033D3022CC0B4C0081B896 /* cl_view.c in Sources */,
				A1033D2A22CC0B4C0081B896 /* cl_pred.c in Sources */,
				A1033D4022CC0B730081B896 /* md4.c in Sources */,
				A1033D7D22CC0CAE0081B896 /* sv_world.c in Sources */,
				A1033D2022CC0B4C0081B896 /* snd_mix.c in Sources */,
				A1033D2722CC0B4C0081B896 /* console.c in Sources */,
				A1033D2422CC0B4C0081B896 /* cl_ents.c in Sources */,
				A1033D7922CC0CAE0081B896 /* sv_user.c in Sources */,
				A1033D2222CC0B4C0081B896 /* cl_parse.c in Sources */,
				A1033D2B22CC0B4C0081B896 /* cl_fx.c in Sources */,
				A1033D2522CC0B4C0081B896 /* cl_input.c in Sources */,
				A1033D7A22CC0CAE0081B896 /* sv_ccmds.c in Sources */,
				A1033D1F22CC0B4C0081B896 /* cl_scrn.c in Sources */,
				A1033D4122CC0B730081B896 /* pmove.c in Sources */,
				A1033D2922CC0B4C0081B896 /* cl_newfx.c in Sources */,
				A1033D4422CC0B730081B896 /* cmodel.c in Sources */,
				A1033D2822CC0B4C0081B896 /* keys.c in Sources */,
				A1033D2F22CC0B4C0081B896 /* cl_inv.c in Sources */,
				A1033D7B22CC0CAE0081B896 /* sv_ents.c in Sources */,
				A1033D4522CC0B730081B896 /* crc.c in Sources */,
				A1033D1E22CC0B4C0081B896 /* qmenu.c in Sources */,
				A1033D4722CC0B730081B896 /* net_chan.c in Sources */,
				A1033D2622CC0B4C0081B896 /* cl_main.c in Sources */,
				A1033D2322CC0B4C0081B896 /* menu.c in Sources */,
				A15FA417211150E90048A3AD /* AppDelegate.swift in Sources */,
				A1033D7722CC0CAE0081B896 /* sv_init.c in Sources */,
				A1033D2D22CC0B4C0081B896 /* x86.c in Sources */,
			);
			runOnlyForDeploymentPostprocessing = 0;
		};
/* End PBXSourcesBuildPhase section */

/* Begin PBXVariantGroup section */
		A15FA41A211150EA0048A3AD /* MainMenu.xib */ = {
			isa = PBXVariantGroup;
			children = (
				A15FA41B211150EA0048A3AD /* Base */,
			);
			name = MainMenu.xib;
			sourceTree = "<group>";
		};
/* End PBXVariantGroup section */

/* Begin XCBuildConfiguration section */
		A13509B72110C1760077F93F /* Debug */ = {
			isa = XCBuildConfiguration;
			buildSettings = {
				ALWAYS_SEARCH_USER_PATHS = NO;
				CLANG_ANALYZER_NONNULL = YES;
				CLANG_ANALYZER_NUMBER_OBJECT_CONVERSION = YES_AGGRESSIVE;
				CLANG_CXX_LANGUAGE_STANDARD = "gnu++14";
				CLANG_CXX_LIBRARY = "libc++";
				CLANG_ENABLE_MODULES = YES;
				CLANG_ENABLE_OBJC_ARC = YES;
				CLANG_ENABLE_OBJC_WEAK = YES;
				CLANG_WARN_BLOCK_CAPTURE_AUTORELEASING = YES;
				CLANG_WARN_BOOL_CONVERSION = YES;
				CLANG_WARN_COMMA = YES;
				CLANG_WARN_CONSTANT_CONVERSION = YES;
				CLANG_WARN_DEPRECATED_OBJC_IMPLEMENTATIONS = YES;
				CLANG_WARN_DIRECT_OBJC_ISA_USAGE = YES_ERROR;
				CLANG_WARN_DOCUMENTATION_COMMENTS = YES;
				CLANG_WARN_EMPTY_BODY = YES;
				CLANG_WARN_ENUM_CONVERSION = YES;
				CLANG_WARN_INFINITE_RECURSION = YES;
				CLANG_WARN_INT_CONVERSION = YES;
				CLANG_WARN_NON_LITERAL_NULL_CONVERSION = YES;
				CLANG_WARN_OBJC_IMPLICIT_RETAIN_SELF = YES;
				CLANG_WARN_OBJC_LITERAL_CONVERSION = YES;
				CLANG_WARN_OBJC_ROOT_CLASS = YES_ERROR;
				CLANG_WARN_RANGE_LOOP_ANALYSIS = YES;
				CLANG_WARN_STRICT_PROTOTYPES = YES;
				CLANG_WARN_SUSPICIOUS_MOVE = YES;
				CLANG_WARN_UNGUARDED_AVAILABILITY = YES_AGGRESSIVE;
				CLANG_WARN_UNREACHABLE_CODE = YES;
				CLANG_WARN__DUPLICATE_METHOD_MATCH = YES;
				CODE_SIGN_IDENTITY = "Mac Developer";
				COPY_PHASE_STRIP = NO;
				DEBUG_INFORMATION_FORMAT = dwarf;
				ENABLE_STRICT_OBJC_MSGSEND = YES;
				ENABLE_TESTABILITY = YES;
				GCC_C_LANGUAGE_STANDARD = gnu11;
				GCC_DYNAMIC_NO_PIC = NO;
				GCC_NO_COMMON_BLOCKS = NO;
				GCC_OPTIMIZATION_LEVEL = 0;
				GCC_PREPROCESSOR_DEFINITIONS = (
					"DEBUG=1",
					"$(inherited)",
					SDL2,
					"YQ2OSTYPE=\\\"Darwin\\\"",
					"YQ2ARCH=\\\"x86_64\\\"",
				);
				GCC_WARN_64_TO_32_BIT_CONVERSION = YES;
				GCC_WARN_ABOUT_RETURN_TYPE = YES_ERROR;
				GCC_WARN_UNDECLARED_SELECTOR = YES;
				GCC_WARN_UNINITIALIZED_AUTOS = YES_AGGRESSIVE;
				GCC_WARN_UNUSED_FUNCTION = YES;
				GCC_WARN_UNUSED_VARIABLE = YES;
				HEADER_SEARCH_PATHS = src/client/refresh/gl3/glad/include;
				MACOSX_DEPLOYMENT_TARGET = 10.13;
				MTL_ENABLE_DEBUG_INFO = YES;
				ONLY_ACTIVE_ARCH = YES;
				SDKROOT = macosx;
			};
			name = Debug;
		};
		A13509B82110C1760077F93F /* Release */ = {
			isa = XCBuildConfiguration;
			buildSettings = {
				ALWAYS_SEARCH_USER_PATHS = NO;
				CLANG_ANALYZER_NONNULL = YES;
				CLANG_ANALYZER_NUMBER_OBJECT_CONVERSION = YES_AGGRESSIVE;
				CLANG_CXX_LANGUAGE_STANDARD = "gnu++14";
				CLANG_CXX_LIBRARY = "libc++";
				CLANG_ENABLE_MODULES = YES;
				CLANG_ENABLE_OBJC_ARC = YES;
				CLANG_ENABLE_OBJC_WEAK = YES;
				CLANG_WARN_BLOCK_CAPTURE_AUTORELEASING = YES;
				CLANG_WARN_BOOL_CONVERSION = YES;
				CLANG_WARN_COMMA = YES;
				CLANG_WARN_CONSTANT_CONVERSION = YES;
				CLANG_WARN_DEPRECATED_OBJC_IMPLEMENTATIONS = YES;
				CLANG_WARN_DIRECT_OBJC_ISA_USAGE = YES_ERROR;
				CLANG_WARN_DOCUMENTATION_COMMENTS = YES;
				CLANG_WARN_EMPTY_BODY = YES;
				CLANG_WARN_ENUM_CONVERSION = YES;
				CLANG_WARN_INFINITE_RECURSION = YES;
				CLANG_WARN_INT_CONVERSION = YES;
				CLANG_WARN_NON_LITERAL_NULL_CONVERSION = YES;
				CLANG_WARN_OBJC_IMPLICIT_RETAIN_SELF = YES;
				CLANG_WARN_OBJC_LITERAL_CONVERSION = YES;
				CLANG_WARN_OBJC_ROOT_CLASS = YES_ERROR;
				CLANG_WARN_RANGE_LOOP_ANALYSIS = YES;
				CLANG_WARN_STRICT_PROTOTYPES = YES;
				CLANG_WARN_SUSPICIOUS_MOVE = YES;
				CLANG_WARN_UNGUARDED_AVAILABILITY = YES_AGGRESSIVE;
				CLANG_WARN_UNREACHABLE_CODE = YES;
				CLANG_WARN__DUPLICATE_METHOD_MATCH = YES;
				CODE_SIGN_IDENTITY = "Mac Developer";
				COPY_PHASE_STRIP = NO;
				DEBUG_INFORMATION_FORMAT = "dwarf-with-dsym";
				ENABLE_NS_ASSERTIONS = NO;
				ENABLE_STRICT_OBJC_MSGSEND = YES;
				GCC_C_LANGUAGE_STANDARD = gnu11;
				GCC_NO_COMMON_BLOCKS = NO;
				GCC_PREPROCESSOR_DEFINITIONS = (
					SDL2,
					"YQ2OSTYPE=\\\"Darwin\\\"",
					"YQ2ARCH=\\\"x86_64\\\"",
				);
				GCC_WARN_64_TO_32_BIT_CONVERSION = YES;
				GCC_WARN_ABOUT_RETURN_TYPE = YES_ERROR;
				GCC_WARN_UNDECLARED_SELECTOR = YES;
				GCC_WARN_UNINITIALIZED_AUTOS = YES_AGGRESSIVE;
				GCC_WARN_UNUSED_FUNCTION = YES;
				GCC_WARN_UNUSED_VARIABLE = YES;
				HEADER_SEARCH_PATHS = src/client/refresh/gl3/glad/include;
				MACOSX_DEPLOYMENT_TARGET = 10.13;
				MTL_ENABLE_DEBUG_INFO = NO;
				SDKROOT = macosx;
				SWIFT_COMPILATION_MODE = wholemodule;
			};
			name = Release;
		};
		A15FA364211114310048A3AD /* Debug */ = {
			isa = XCBuildConfiguration;
			buildSettings = {
				CODE_SIGN_STYLE = Automatic;
				DEVELOPMENT_TEAM = 9UY8SFDNQ8;
				DYLIB_COMPATIBILITY_VERSION = 1;
				DYLIB_CURRENT_VERSION = 1;
				EXECUTABLE_PREFIX = "";
				GCC_NO_COMMON_BLOCKS = YES;
				GCC_PREPROCESSOR_DEFINITIONS = (
					"DEBUG=1",
					"$(inherited)",
				);
				PRODUCT_NAME = "$(TARGET_NAME)";
				SKIP_INSTALL = YES;
			};
			name = Debug;
		};
		A15FA365211114310048A3AD /* Release */ = {
			isa = XCBuildConfiguration;
			buildSettings = {
				CODE_SIGN_STYLE = Automatic;
				DEVELOPMENT_TEAM = 9UY8SFDNQ8;
				DYLIB_COMPATIBILITY_VERSION = 1;
				DYLIB_CURRENT_VERSION = 1;
				EXECUTABLE_PREFIX = "";
				GCC_NO_COMMON_BLOCKS = YES;
				PRODUCT_NAME = "$(TARGET_NAME)";
				SKIP_INSTALL = YES;
			};
			name = Release;
		};
		A15FA39E211118220048A3AD /* Debug */ = {
			isa = XCBuildConfiguration;
			buildSettings = {
				CODE_SIGN_STYLE = Automatic;
				DEVELOPMENT_TEAM = 9UY8SFDNQ8;
				DYLIB_COMPATIBILITY_VERSION = 1;
				DYLIB_CURRENT_VERSION = 1;
				EXECUTABLE_PREFIX = "";
				FRAMEWORK_SEARCH_PATHS = (
					"$(inherited)",
					"$(LOCAL_LIBRARY_DIR)/Frameworks",
				);
				GCC_NO_COMMON_BLOCKS = YES;
				GCC_PREPROCESSOR_DEFINITIONS = (
					"DEBUG=1",
					"$(inherited)",
				);
				PRODUCT_NAME = "$(TARGET_NAME)";
				SKIP_INSTALL = YES;
			};
			name = Debug;
		};
		A15FA39F211118220048A3AD /* Release */ = {
			isa = XCBuildConfiguration;
			buildSettings = {
				CODE_SIGN_STYLE = Automatic;
				DEVELOPMENT_TEAM = 9UY8SFDNQ8;
				DYLIB_COMPATIBILITY_VERSION = 1;
				DYLIB_CURRENT_VERSION = 1;
				EXECUTABLE_PREFIX = "";
				FRAMEWORK_SEARCH_PATHS = (
					"$(inherited)",
					"$(LOCAL_LIBRARY_DIR)/Frameworks",
				);
				GCC_NO_COMMON_BLOCKS = YES;
				PRODUCT_NAME = "$(TARGET_NAME)";
				SKIP_INSTALL = YES;
			};
			name = Release;
		};
		A15FA420211150EA0048A3AD /* Debug */ = {
			isa = XCBuildConfiguration;
			buildSettings = {
				ASSETCATALOG_COMPILER_APPICON_NAME = AppIcon;
				CODE_SIGN_ENTITLEMENTS = quake2/quake2.entitlements;
				CODE_SIGN_STYLE = Automatic;
				COMBINE_HIDPI_IMAGES = YES;
				DEVELOPMENT_TEAM = 9UY8SFDNQ8;
				FRAMEWORK_SEARCH_PATHS = (
					"$(inherited)",
					"$(LOCAL_LIBRARY_DIR)/Frameworks",
				);
				GCC_NO_COMMON_BLOCKS = NO;
				GCC_PREPROCESSOR_DEFINITIONS = (
					"DEBUG=1",
					"$(inherited)",
				);
				INFOPLIST_FILE = quake2/Info.plist;
				LD_RUNPATH_SEARCH_PATHS = (
					"$(inherited)",
					"@executable_path/../Frameworks",
				);
				PRODUCT_BUNDLE_IDENTIFIER = com.tomkiddconsulting.quake2;
				PRODUCT_NAME = "$(TARGET_NAME)";
				SWIFT_ACTIVE_COMPILATION_CONDITIONS = DEBUG;
				SWIFT_OPTIMIZATION_LEVEL = "-Onone";
				SWIFT_VERSION = 5.0;
			};
			name = Debug;
		};
		A15FA421211150EA0048A3AD /* Release */ = {
			isa = XCBuildConfiguration;
			buildSettings = {
				ASSETCATALOG_COMPILER_APPICON_NAME = AppIcon;
				CODE_SIGN_ENTITLEMENTS = quake2/quake2.entitlements;
				CODE_SIGN_STYLE = Automatic;
				COMBINE_HIDPI_IMAGES = YES;
				DEVELOPMENT_TEAM = 9UY8SFDNQ8;
				FRAMEWORK_SEARCH_PATHS = (
					"$(inherited)",
					"$(LOCAL_LIBRARY_DIR)/Frameworks",
				);
				GCC_NO_COMMON_BLOCKS = NO;
				INFOPLIST_FILE = quake2/Info.plist;
				LD_RUNPATH_SEARCH_PATHS = (
					"$(inherited)",
					"@executable_path/../Frameworks",
				);
				PRODUCT_BUNDLE_IDENTIFIER = com.tomkiddconsulting.quake2;
				PRODUCT_NAME = "$(TARGET_NAME)";
				SWIFT_COMPILATION_MODE = wholemodule;
				SWIFT_OPTIMIZATION_LEVEL = "-O";
				SWIFT_VERSION = 5.0;
			};
			name = Release;
		};
/* End XCBuildConfiguration section */

/* Begin XCConfigurationList section */
		A13509AD2110C1760077F93F /* Build configuration list for PBXProject "quake2" */ = {
			isa = XCConfigurationList;
			buildConfigurations = (
				A13509B72110C1760077F93F /* Debug */,
				A13509B82110C1760077F93F /* Release */,
			);
			defaultConfigurationIsVisible = 0;
			defaultConfigurationName = Release;
		};
		A15FA363211114310048A3AD /* Build configuration list for PBXNativeTarget "game" */ = {
			isa = XCConfigurationList;
			buildConfigurations = (
				A15FA364211114310048A3AD /* Debug */,
				A15FA365211114310048A3AD /* Release */,
			);
			defaultConfigurationIsVisible = 0;
			defaultConfigurationName = Release;
		};
		A15FA39D211118220048A3AD /* Build configuration list for PBXNativeTarget "ref_gl1" */ = {
			isa = XCConfigurationList;
			buildConfigurations = (
				A15FA39E211118220048A3AD /* Debug */,
				A15FA39F211118220048A3AD /* Release */,
			);
			defaultConfigurationIsVisible = 0;
			defaultConfigurationName = Release;
		};
		A15FA41F211150EA0048A3AD /* Build configuration list for PBXNativeTarget "quake2" */ = {
			isa = XCConfigurationList;
			buildConfigurations = (
				A15FA420211150EA0048A3AD /* Debug */,
				A15FA421211150EA0048A3AD /* Release */,
			);
			defaultConfigurationIsVisible = 0;
			defaultConfigurationName = Release;
		};
/* End XCConfigurationList section */
	};
	rootObject = A13509AA2110C1760077F93F /* Project object */;
}
